// !$*UTF8*$!
{
	archiveVersion = 1;
	classes = {
	};
	objectVersion = 51;
	objects = {

/* Begin PBXBuildFile section */
		447E5C73D136E74066C5E62A /* Pods_FlaintTests.framework in Frameworks */ = {isa = PBXBuildFile; fileRef = DAA6EEBDC872D92A3623091C /* Pods_FlaintTests.framework */; };
		5BB98B69A04FAE3EC581A71B /* Pods_Flaint.framework in Frameworks */ = {isa = PBXBuildFile; fileRef = BEDCDF653EC1C44C23F1B796 /* Pods_Flaint.framework */; };
		6D0487D5240F7843003E4414 /* Classification.swift in Sources */ = {isa = PBXBuildFile; fileRef = 6D0487D4240F7843003E4414 /* Classification.swift */; };
		6D0487DF2410D41D003E4414 /* Enums.swift in Sources */ = {isa = PBXBuildFile; fileRef = 6D0487DE2410D41D003E4414 /* Enums.swift */; };
		6D0487E12410D426003E4414 /* Protocols.swift in Sources */ = {isa = PBXBuildFile; fileRef = 6D0487E02410D426003E4414 /* Protocols.swift */; };
		6D0487E32410D5A7003E4414 /* Extension.swift in Sources */ = {isa = PBXBuildFile; fileRef = 6D0487E22410D5A7003E4414 /* Extension.swift */; };
		6D0579D42290D84800F34E75 /* OrientationView.swift in Sources */ = {isa = PBXBuildFile; fileRef = 6D0579D32290D84800F34E75 /* OrientationView.swift */; };
		6D0579D62290DDB300F34E75 /* TopBarHeight.swift in Sources */ = {isa = PBXBuildFile; fileRef = 6D0579D52290DDB300F34E75 /* TopBarHeight.swift */; };
		6D0579D82290EEA800F34E75 /* AddInfoVC.swift in Sources */ = {isa = PBXBuildFile; fileRef = 6D0579D72290EEA800F34E75 /* AddInfoVC.swift */; };
		6D0579DB2290F3CD00F34E75 /* AddArtCell.swift in Sources */ = {isa = PBXBuildFile; fileRef = 6D0579DA2290F3CD00F34E75 /* AddArtCell.swift */; };
		6D0579DD2290F59400F34E75 /* AddArtInfoCell.swift in Sources */ = {isa = PBXBuildFile; fileRef = 6D0579DC2290F59400F34E75 /* AddArtInfoCell.swift */; };
		6D17A779242284C4008AAC4F /* test.swift in Sources */ = {isa = PBXBuildFile; fileRef = 6D17A778242284C4008AAC4F /* test.swift */; };
		6D17A77D24230E2B008AAC4F /* DateFormatter.swift in Sources */ = {isa = PBXBuildFile; fileRef = 6D17A77C24230E2B008AAC4F /* DateFormatter.swift */; };
		6D17A7802423272D008AAC4F /* MessageAlerts.swift in Sources */ = {isa = PBXBuildFile; fileRef = 6D17A77F2423272D008AAC4F /* MessageAlerts.swift */; };
		6D1962E3231E7BB00073EC3D /* Profile+IGListKit.swift in Sources */ = {isa = PBXBuildFile; fileRef = 6D1962E2231E7BB00073EC3D /* Profile+IGListKit.swift */; };
		6D1962E5231E7C050073EC3D /* Profile+Actions.swift in Sources */ = {isa = PBXBuildFile; fileRef = 6D1962E4231E7C050073EC3D /* Profile+Actions.swift */; };
		6D19A0D42421281A00225BB2 /* ImageResizeOperation.swift in Sources */ = {isa = PBXBuildFile; fileRef = 6D19A0D32421281A00225BB2 /* ImageResizeOperation.swift */; };
		6D19A0D62421323400225BB2 /* FetchImageOperation.swift in Sources */ = {isa = PBXBuildFile; fileRef = 6D19A0D52421323400225BB2 /* FetchImageOperation.swift */; };
		6D1B786F230EEE6900FA2865 /* UIFont.swift in Sources */ = {isa = PBXBuildFile; fileRef = 6D1B786E230EEE6900FA2865 /* UIFont.swift */; };
		6D2905982330678700281205 /* EditGeneralInfoVC.swift in Sources */ = {isa = PBXBuildFile; fileRef = 6D2905972330678700281205 /* EditGeneralInfoVC.swift */; };
		6D30556E2289288A00C0A7BF /* EditArtCell.swift in Sources */ = {isa = PBXBuildFile; fileRef = 6D30556D2289288A00C0A7BF /* EditArtCell.swift */; };
		6D305570228A46B200C0A7BF /* IndicatorItem.swift in Sources */ = {isa = PBXBuildFile; fileRef = 6D30556F228A46B200C0A7BF /* IndicatorItem.swift */; };
		6D35AE4C22A4A7C60044ABAE /* ArNotSupporterVC.swift in Sources */ = {isa = PBXBuildFile; fileRef = 6D35AE4B22A4A7C60044ABAE /* ArNotSupporterVC.swift */; };
		6D388D0B232532A40080E413 /* Security.framework in Frameworks */ = {isa = PBXBuildFile; fileRef = 6D388D0A232532A40080E413 /* Security.framework */; };
		6D39E47E2305B08800533490 /* LearnMoreViewModel.swift in Sources */ = {isa = PBXBuildFile; fileRef = 6D39E47D2305B08800533490 /* LearnMoreViewModel.swift */; };
		6D39E4802306313300533490 /* UpdatePersonalInfo.swift in Sources */ = {isa = PBXBuildFile; fileRef = 6D39E47F2306313300533490 /* UpdatePersonalInfo.swift */; };
		6D4AF400232734EC00D40A57 /* Profile+Data.swift in Sources */ = {isa = PBXBuildFile; fileRef = 6D4AF3FF232734EC00D40A57 /* Profile+Data.swift */; };
		6D4AF40823275BD000D40A57 /* AddImg+ML.swift in Sources */ = {isa = PBXBuildFile; fileRef = 6D4AF40723275BD000D40A57 /* AddImg+ML.swift */; };
		6D4AF40B23275C6400D40A57 /* AddImg+Action.swift in Sources */ = {isa = PBXBuildFile; fileRef = 6D4AF40A23275C6400D40A57 /* AddImg+Action.swift */; };
		6D626E0A22D5E93F003F083E /* DataService.swift in Sources */ = {isa = PBXBuildFile; fileRef = 6D626E0922D5E93F003F083E /* DataService.swift */; };
		6D626E0C22D65407003F083E /* UsernameVC.swift in Sources */ = {isa = PBXBuildFile; fileRef = 6D626E0B22D65407003F083E /* UsernameVC.swift */; };
		6D626E0E22D66674003F083E /* Validation+String.swift in Sources */ = {isa = PBXBuildFile; fileRef = 6D626E0D22D66674003F083E /* Validation+String.swift */; };
		6D626E1422DB7C17003F083E /* ErrorHandler.swift in Sources */ = {isa = PBXBuildFile; fileRef = 6D626E1322DB7C17003F083E /* ErrorHandler.swift */; };
		6D6BC11E232D6651008AD45D /* AI.swift in Sources */ = {isa = PBXBuildFile; fileRef = 6D6BC11D232D6651008AD45D /* AI.swift */; };
		6D70BB1223DE83360046CC66 /* ImageClassifier.mlmodel in Sources */ = {isa = PBXBuildFile; fileRef = 6D70BB1123DE83360046CC66 /* ImageClassifier.mlmodel */; };
		6D7D55BD2381E086005122FD /* DescriptionVC.swift in Sources */ = {isa = PBXBuildFile; fileRef = 6D7D55BC2381E086005122FD /* DescriptionVC.swift */; };
		6D80FCCE226D044D008C6005 /* ProfileSection.swift in Sources */ = {isa = PBXBuildFile; fileRef = 6D80FCCD226D044D008C6005 /* ProfileSection.swift */; };
		6D80FCD2226D04FB008C6005 /* ProfileImageCell.swift in Sources */ = {isa = PBXBuildFile; fileRef = 6D80FCD1226D04FB008C6005 /* ProfileImageCell.swift */; };
		6D80FCD4226D05A7008C6005 /* UICreator.swift in Sources */ = {isa = PBXBuildFile; fileRef = 6D80FCD3226D05A7008C6005 /* UICreator.swift */; };
		6D80FCD6226E16FB008C6005 /* GallerySection.swift in Sources */ = {isa = PBXBuildFile; fileRef = 6D80FCD5226E16FB008C6005 /* GallerySection.swift */; };
		6D80FCD9226E17EF008C6005 /* ArtRoomScene.swift in Sources */ = {isa = PBXBuildFile; fileRef = 6D80FCD8226E17EF008C6005 /* ArtRoomScene.swift */; };
		6D80FCDC226E1825008C6005 /* Art.swift in Sources */ = {isa = PBXBuildFile; fileRef = 6D80FCDB226E1825008C6005 /* Art.swift */; };
		6D8271E623183BEC0066A18C /* StatusBar.swift in Sources */ = {isa = PBXBuildFile; fileRef = 6D8271E523183BEC0066A18C /* StatusBar.swift */; };
		6D9BBB7923383AD10089B688 /* AuthenticationServices.framework in Frameworks */ = {isa = PBXBuildFile; fileRef = 6D9BBB7823383AD10089B688 /* AuthenticationServices.framework */; };
		6DA0B2E522C5A2EC00FF96A3 /* AddImgVC.swift in Sources */ = {isa = PBXBuildFile; fileRef = 6DA0B2E422C5A2EC00FF96A3 /* AddImgVC.swift */; };
		6DA0B2E722C6D6E200FF96A3 /* EditImageView.swift in Sources */ = {isa = PBXBuildFile; fileRef = 6DA0B2E622C6D6E200FF96A3 /* EditImageView.swift */; };
		6DAF1B1F22865D9E000874C6 /* EditArtVC.swift in Sources */ = {isa = PBXBuildFile; fileRef = 6DAF1B1E22865D9E000874C6 /* EditArtVC.swift */; };
		6DBF490E245665AB002EAD15 /* String+Notification.swift in Sources */ = {isa = PBXBuildFile; fileRef = 6DBF490D245665AB002EAD15 /* String+Notification.swift */; };
		6DD1280E22A708CF0068195C /* PickerViewCell.swift in Sources */ = {isa = PBXBuildFile; fileRef = 6DD1280D22A708CF0068195C /* PickerViewCell.swift */; };
		6DD1281022A72A530068195C /* FieldRect.swift in Sources */ = {isa = PBXBuildFile; fileRef = 6DD1280F22A72A530068195C /* FieldRect.swift */; };
		6DD1281422A72F7F0068195C /* UITextView+Expanding.swift in Sources */ = {isa = PBXBuildFile; fileRef = 6DD1281322A72F7F0068195C /* UITextView+Expanding.swift */; };
		6DD1281622A72FEF0068195C /* AddDescCell.swift in Sources */ = {isa = PBXBuildFile; fileRef = 6DD1281522A72FEF0068195C /* AddDescCell.swift */; };
		6DD1281A22A9A88D0068195C /* OverlayScene.swift in Sources */ = {isa = PBXBuildFile; fileRef = 6DD1281922A9A88D0068195C /* OverlayScene.swift */; };
		6DDE85812455EBFA006BB529 /* PickerCell.swift in Sources */ = {isa = PBXBuildFile; fileRef = 6DDE85802455EBFA006BB529 /* PickerCell.swift */; };
		6DE0BF55242474FB00BB863F /* ReorderVC.swift in Sources */ = {isa = PBXBuildFile; fileRef = 6DE0BF54242474FB00BB863F /* ReorderVC.swift */; };
		6DE39D9F22AC1B4E00636B47 /* UIButton+UIImage.swift in Sources */ = {isa = PBXBuildFile; fileRef = 6DE39D9E22AC1B4E00636B47 /* UIButton+UIImage.swift */; };
		6DE39DA122AC5BC100636B47 /* LearnMoreVC.swift in Sources */ = {isa = PBXBuildFile; fileRef = 6DE39DA022AC5BC100636B47 /* LearnMoreVC.swift */; };
		6DE39DA422ACA4F200636B47 /* LearnMoreInfoCell.swift in Sources */ = {isa = PBXBuildFile; fileRef = 6DE39DA322ACA4F200636B47 /* LearnMoreInfoCell.swift */; };
		6DE3C1D22433B585007DDCFE /* ReorderCell.swift in Sources */ = {isa = PBXBuildFile; fileRef = 6DE3C1D12433B585007DDCFE /* ReorderCell.swift */; };
		6DE419B42282584C00EE6AAB /* String.swift in Sources */ = {isa = PBXBuildFile; fileRef = 6DE419B32282584C00EE6AAB /* String.swift */; };
		6DE419B822830CA500EE6AAB /* Recorder.swift in Sources */ = {isa = PBXBuildFile; fileRef = 6DE419B722830CA500EE6AAB /* Recorder.swift */; };
		6DE419BA2283B43F00EE6AAB /* EmbeddedCollectionViewCell.swift in Sources */ = {isa = PBXBuildFile; fileRef = 6DE419B92283B43E00EE6AAB /* EmbeddedCollectionViewCell.swift */; };
		6DE419BC2283B52800EE6AAB /* ArtSection.swift in Sources */ = {isa = PBXBuildFile; fileRef = 6DE419BB2283B52800EE6AAB /* ArtSection.swift */; };
		6DE531B92291DAB5003E18B0 /* SettingsVC.swift in Sources */ = {isa = PBXBuildFile; fileRef = 6DE531B82291DAB5003E18B0 /* SettingsVC.swift */; };
		6DE60DD922CB30AE00AB0E85 /* ResetPassVC.swift in Sources */ = {isa = PBXBuildFile; fileRef = 6DE60DD822CB30AE00AB0E85 /* ResetPassVC.swift */; };
		6DE60DDF22CBE6BD00AB0E85 /* EditProfileVC.swift in Sources */ = {isa = PBXBuildFile; fileRef = 6DE60DDE22CBE6BD00AB0E85 /* EditProfileVC.swift */; };
		6DE60DE122CBE8F500AB0E85 /* ChangePwdVC.swift in Sources */ = {isa = PBXBuildFile; fileRef = 6DE60DE022CBE8F500AB0E85 /* ChangePwdVC.swift */; };
		6DE60DE322CBEBF000AB0E85 /* TextFieldCell.swift in Sources */ = {isa = PBXBuildFile; fileRef = 6DE60DE222CBEBF000AB0E85 /* TextFieldCell.swift */; };
		6DE60DE622CBEEBE00AB0E85 /* PictureCell.swift in Sources */ = {isa = PBXBuildFile; fileRef = 6DE60DE522CBEEBE00AB0E85 /* PictureCell.swift */; };
		6DE60DE822CBF51700AB0E85 /* UIImagePicker.swift in Sources */ = {isa = PBXBuildFile; fileRef = 6DE60DE722CBF51700AB0E85 /* UIImagePicker.swift */; };
		6DE60DEA22CBFC4400AB0E85 /* ProfileInfoCell.swift in Sources */ = {isa = PBXBuildFile; fileRef = 6DE60DE922CBFC4400AB0E85 /* ProfileInfoCell.swift */; };
		6DE60DED22CE616A00AB0E85 /* AccountViewModel.swift in Sources */ = {isa = PBXBuildFile; fileRef = 6DE60DEC22CE616A00AB0E85 /* AccountViewModel.swift */; };
		6DE60DF122CE61B000AB0E85 /* Users.swift in Sources */ = {isa = PBXBuildFile; fileRef = 6DE60DF022CE61B000AB0E85 /* Users.swift */; };
		6DE60DF822CE6C5A00AB0E85 /* EditAccGeneralCell.swift in Sources */ = {isa = PBXBuildFile; fileRef = 6DE60DF722CE6C5A00AB0E85 /* EditAccGeneralCell.swift */; };
		6DE60DFB22CE735100AB0E85 /* AuthService.swift in Sources */ = {isa = PBXBuildFile; fileRef = 6DE60DFA22CE735100AB0E85 /* AuthService.swift */; };
		6DE60E0022D2523B00AB0E85 /* CountryList.swift in Sources */ = {isa = PBXBuildFile; fileRef = 6DE60DFF22D2523B00AB0E85 /* CountryList.swift */; };
		6DE60E0222D2527500AB0E85 /* CountryCell.swift in Sources */ = {isa = PBXBuildFile; fileRef = 6DE60E0122D2527500AB0E85 /* CountryCell.swift */; };
		6DE60E0522D252AE00AB0E85 /* Country.swift in Sources */ = {isa = PBXBuildFile; fileRef = 6DE60E0422D252AE00AB0E85 /* Country.swift */; };
		6DE60E0822D298BA00AB0E85 /* PhoneTextField.swift in Sources */ = {isa = PBXBuildFile; fileRef = 6DE60E0722D298BA00AB0E85 /* PhoneTextField.swift */; };
		6DE60E0A22D29BA800AB0E85 /* Countries.swift in Sources */ = {isa = PBXBuildFile; fileRef = 6DE60E0922D29BA800AB0E85 /* Countries.swift */; };
		6DE60E1222D2C58700AB0E85 /* NextButton.swift in Sources */ = {isa = PBXBuildFile; fileRef = 6DE60E1122D2C58700AB0E85 /* NextButton.swift */; };
		6DE60E1522D2C66300AB0E85 /* UIColor+Palette.swift in Sources */ = {isa = PBXBuildFile; fileRef = 6DE60E1422D2C66300AB0E85 /* UIColor+Palette.swift */; };
		6DE60E1922D3FD2700AB0E85 /* GoogleService-Info.plist in Resources */ = {isa = PBXBuildFile; fileRef = 6DE60E1822D3FD2700AB0E85 /* GoogleService-Info.plist */; };
		6DF0A5A5226C012100C892C4 /* AppDelegate.swift in Sources */ = {isa = PBXBuildFile; fileRef = 6DF0A5A4226C012100C892C4 /* AppDelegate.swift */; };
		6DF0A5A7226C012100C892C4 /* ProfileVC.swift in Sources */ = {isa = PBXBuildFile; fileRef = 6DF0A5A6226C012100C892C4 /* ProfileVC.swift */; };
		6DF0A5AA226C012100C892C4 /* Main.storyboard in Resources */ = {isa = PBXBuildFile; fileRef = 6DF0A5A8226C012100C892C4 /* Main.storyboard */; };
		6DF0A5AC226C012300C892C4 /* Assets.xcassets in Resources */ = {isa = PBXBuildFile; fileRef = 6DF0A5AB226C012300C892C4 /* Assets.xcassets */; };
		6DF0A5AF226C012300C892C4 /* LaunchScreen.storyboard in Resources */ = {isa = PBXBuildFile; fileRef = 6DF0A5AD226C012300C892C4 /* LaunchScreen.storyboard */; };
		6DF0A5BA226C012300C892C4 /* FlaintTests.swift in Sources */ = {isa = PBXBuildFile; fileRef = 6DF0A5B9226C012300C892C4 /* FlaintTests.swift */; };
		6DF0A5C5226C012300C892C4 /* FlaintUITests.swift in Sources */ = {isa = PBXBuildFile; fileRef = 6DF0A5C4226C012300C892C4 /* FlaintUITests.swift */; };
		6DFED989229CC60500E76D29 /* AuthVC.swift in Sources */ = {isa = PBXBuildFile; fileRef = 6DFED988229CC60500E76D29 /* AuthVC.swift */; };
		ED71ACF041D73F558357B965 /* Pods_Flaint_FlaintUITests.framework in Frameworks */ = {isa = PBXBuildFile; fileRef = 8F1FB12E66DB8D2AA0EA2C3D /* Pods_Flaint_FlaintUITests.framework */; };
/* End PBXBuildFile section */

/* Begin PBXContainerItemProxy section */
		6DF0A5B6226C012300C892C4 /* PBXContainerItemProxy */ = {
			isa = PBXContainerItemProxy;
			containerPortal = 6DF0A599226C012100C892C4 /* Project object */;
			proxyType = 1;
			remoteGlobalIDString = 6DF0A5A0226C012100C892C4;
			remoteInfo = Flaint;
		};
		6DF0A5C1226C012300C892C4 /* PBXContainerItemProxy */ = {
			isa = PBXContainerItemProxy;
			containerPortal = 6DF0A599226C012100C892C4 /* Project object */;
			proxyType = 1;
			remoteGlobalIDString = 6DF0A5A0226C012100C892C4;
			remoteInfo = Flaint;
		};
/* End PBXContainerItemProxy section */

/* Begin PBXFileReference section */
		2262BC54625826DE986D202B /* Pods-Flaint-FlaintUITests.release.xcconfig */ = {isa = PBXFileReference; includeInIndex = 1; lastKnownFileType = text.xcconfig; name = "Pods-Flaint-FlaintUITests.release.xcconfig"; path = "Pods/Target Support Files/Pods-Flaint-FlaintUITests/Pods-Flaint-FlaintUITests.release.xcconfig"; sourceTree = "<group>"; };
		25C12918FDBC0B20097CE32F /* Pods-Flaint-FlaintUITests.debug.xcconfig */ = {isa = PBXFileReference; includeInIndex = 1; lastKnownFileType = text.xcconfig; name = "Pods-Flaint-FlaintUITests.debug.xcconfig"; path = "Pods/Target Support Files/Pods-Flaint-FlaintUITests/Pods-Flaint-FlaintUITests.debug.xcconfig"; sourceTree = "<group>"; };
		5AF0649033B01824ACBBE421 /* Pods-FlaintTests.release.xcconfig */ = {isa = PBXFileReference; includeInIndex = 1; lastKnownFileType = text.xcconfig; name = "Pods-FlaintTests.release.xcconfig"; path = "Pods/Target Support Files/Pods-FlaintTests/Pods-FlaintTests.release.xcconfig"; sourceTree = "<group>"; };
		66766FB775A0511CBAE33533 /* Pods-Flaint.debug.xcconfig */ = {isa = PBXFileReference; includeInIndex = 1; lastKnownFileType = text.xcconfig; name = "Pods-Flaint.debug.xcconfig"; path = "Pods/Target Support Files/Pods-Flaint/Pods-Flaint.debug.xcconfig"; sourceTree = "<group>"; };
		6D0487D4240F7843003E4414 /* Classification.swift */ = {isa = PBXFileReference; lastKnownFileType = sourcecode.swift; path = Classification.swift; sourceTree = "<group>"; };
		6D0487DE2410D41D003E4414 /* Enums.swift */ = {isa = PBXFileReference; lastKnownFileType = sourcecode.swift; path = Enums.swift; sourceTree = "<group>"; };
		6D0487E02410D426003E4414 /* Protocols.swift */ = {isa = PBXFileReference; lastKnownFileType = sourcecode.swift; path = Protocols.swift; sourceTree = "<group>"; };
		6D0487E22410D5A7003E4414 /* Extension.swift */ = {isa = PBXFileReference; lastKnownFileType = sourcecode.swift; path = Extension.swift; sourceTree = "<group>"; };
		6D0579D32290D84800F34E75 /* OrientationView.swift */ = {isa = PBXFileReference; lastKnownFileType = sourcecode.swift; path = OrientationView.swift; sourceTree = "<group>"; };
		6D0579D52290DDB300F34E75 /* TopBarHeight.swift */ = {isa = PBXFileReference; lastKnownFileType = sourcecode.swift; path = TopBarHeight.swift; sourceTree = "<group>"; };
		6D0579D72290EEA800F34E75 /* AddInfoVC.swift */ = {isa = PBXFileReference; lastKnownFileType = sourcecode.swift; path = AddInfoVC.swift; sourceTree = "<group>"; };
		6D0579DA2290F3CD00F34E75 /* AddArtCell.swift */ = {isa = PBXFileReference; lastKnownFileType = sourcecode.swift; path = AddArtCell.swift; sourceTree = "<group>"; };
		6D0579DC2290F59400F34E75 /* AddArtInfoCell.swift */ = {isa = PBXFileReference; lastKnownFileType = sourcecode.swift; path = AddArtInfoCell.swift; sourceTree = "<group>"; };
		6D17A778242284C4008AAC4F /* test.swift */ = {isa = PBXFileReference; lastKnownFileType = sourcecode.swift; path = test.swift; sourceTree = "<group>"; };
		6D17A77C24230E2B008AAC4F /* DateFormatter.swift */ = {isa = PBXFileReference; fileEncoding = 4; lastKnownFileType = sourcecode.swift; path = DateFormatter.swift; sourceTree = "<group>"; };
		6D17A77F2423272D008AAC4F /* MessageAlerts.swift */ = {isa = PBXFileReference; lastKnownFileType = sourcecode.swift; path = MessageAlerts.swift; sourceTree = "<group>"; };
		6D1962E2231E7BB00073EC3D /* Profile+IGListKit.swift */ = {isa = PBXFileReference; lastKnownFileType = sourcecode.swift; path = "Profile+IGListKit.swift"; sourceTree = "<group>"; };
		6D1962E4231E7C050073EC3D /* Profile+Actions.swift */ = {isa = PBXFileReference; lastKnownFileType = sourcecode.swift; path = "Profile+Actions.swift"; sourceTree = "<group>"; };
		6D19A0D32421281A00225BB2 /* ImageResizeOperation.swift */ = {isa = PBXFileReference; lastKnownFileType = sourcecode.swift; path = ImageResizeOperation.swift; sourceTree = "<group>"; };
		6D19A0D52421323400225BB2 /* FetchImageOperation.swift */ = {isa = PBXFileReference; lastKnownFileType = sourcecode.swift; path = FetchImageOperation.swift; sourceTree = "<group>"; };
		6D1A326122FCA905002FE383 /* Flaint.entitlements */ = {isa = PBXFileReference; lastKnownFileType = text.plist.entitlements; path = Flaint.entitlements; sourceTree = "<group>"; };
		6D1B786E230EEE6900FA2865 /* UIFont.swift */ = {isa = PBXFileReference; lastKnownFileType = sourcecode.swift; path = UIFont.swift; sourceTree = "<group>"; };
		6D2905972330678700281205 /* EditGeneralInfoVC.swift */ = {isa = PBXFileReference; lastKnownFileType = sourcecode.swift; path = EditGeneralInfoVC.swift; sourceTree = "<group>"; };
		6D30556D2289288A00C0A7BF /* EditArtCell.swift */ = {isa = PBXFileReference; lastKnownFileType = sourcecode.swift; path = EditArtCell.swift; sourceTree = "<group>"; };
		6D30556F228A46B200C0A7BF /* IndicatorItem.swift */ = {isa = PBXFileReference; lastKnownFileType = sourcecode.swift; path = IndicatorItem.swift; sourceTree = "<group>"; };
		6D35AE4B22A4A7C60044ABAE /* ArNotSupporterVC.swift */ = {isa = PBXFileReference; lastKnownFileType = sourcecode.swift; path = ArNotSupporterVC.swift; sourceTree = "<group>"; };
		6D388D0A232532A40080E413 /* Security.framework */ = {isa = PBXFileReference; lastKnownFileType = wrapper.framework; name = Security.framework; path = System/Library/Frameworks/Security.framework; sourceTree = SDKROOT; };
		6D39E47D2305B08800533490 /* LearnMoreViewModel.swift */ = {isa = PBXFileReference; lastKnownFileType = sourcecode.swift; path = LearnMoreViewModel.swift; sourceTree = "<group>"; };
		6D39E47F2306313300533490 /* UpdatePersonalInfo.swift */ = {isa = PBXFileReference; lastKnownFileType = sourcecode.swift; path = UpdatePersonalInfo.swift; sourceTree = "<group>"; };
		6D4AF3FF232734EC00D40A57 /* Profile+Data.swift */ = {isa = PBXFileReference; lastKnownFileType = sourcecode.swift; path = "Profile+Data.swift"; sourceTree = "<group>"; };
		6D4AF40723275BD000D40A57 /* AddImg+ML.swift */ = {isa = PBXFileReference; lastKnownFileType = sourcecode.swift; path = "AddImg+ML.swift"; sourceTree = "<group>"; };
		6D4AF40A23275C6400D40A57 /* AddImg+Action.swift */ = {isa = PBXFileReference; lastKnownFileType = sourcecode.swift; path = "AddImg+Action.swift"; sourceTree = "<group>"; };
		6D626E0922D5E93F003F083E /* DataService.swift */ = {isa = PBXFileReference; lastKnownFileType = sourcecode.swift; path = DataService.swift; sourceTree = "<group>"; };
		6D626E0B22D65407003F083E /* UsernameVC.swift */ = {isa = PBXFileReference; lastKnownFileType = sourcecode.swift; path = UsernameVC.swift; sourceTree = "<group>"; };
		6D626E0D22D66674003F083E /* Validation+String.swift */ = {isa = PBXFileReference; lastKnownFileType = sourcecode.swift; path = "Validation+String.swift"; sourceTree = "<group>"; };
		6D626E1322DB7C17003F083E /* ErrorHandler.swift */ = {isa = PBXFileReference; lastKnownFileType = sourcecode.swift; path = ErrorHandler.swift; sourceTree = "<group>"; };
		6D6BC11D232D6651008AD45D /* AI.swift */ = {isa = PBXFileReference; lastKnownFileType = sourcecode.swift; path = AI.swift; sourceTree = "<group>"; };
		6D70BB1123DE83360046CC66 /* ImageClassifier.mlmodel */ = {isa = PBXFileReference; lastKnownFileType = file.mlmodel; path = ImageClassifier.mlmodel; sourceTree = "<group>"; };
		6D7D55BC2381E086005122FD /* DescriptionVC.swift */ = {isa = PBXFileReference; lastKnownFileType = sourcecode.swift; path = DescriptionVC.swift; sourceTree = "<group>"; };
		6D80FCCD226D044D008C6005 /* ProfileSection.swift */ = {isa = PBXFileReference; lastKnownFileType = sourcecode.swift; path = ProfileSection.swift; sourceTree = "<group>"; };
		6D80FCD1226D04FB008C6005 /* ProfileImageCell.swift */ = {isa = PBXFileReference; lastKnownFileType = sourcecode.swift; path = ProfileImageCell.swift; sourceTree = "<group>"; };
		6D80FCD3226D05A7008C6005 /* UICreator.swift */ = {isa = PBXFileReference; lastKnownFileType = sourcecode.swift; path = UICreator.swift; sourceTree = "<group>"; };
		6D80FCD5226E16FB008C6005 /* GallerySection.swift */ = {isa = PBXFileReference; lastKnownFileType = sourcecode.swift; path = GallerySection.swift; sourceTree = "<group>"; };
		6D80FCD8226E17EF008C6005 /* ArtRoomScene.swift */ = {isa = PBXFileReference; lastKnownFileType = sourcecode.swift; path = ArtRoomScene.swift; sourceTree = "<group>"; };
		6D80FCDB226E1825008C6005 /* Art.swift */ = {isa = PBXFileReference; lastKnownFileType = sourcecode.swift; path = Art.swift; sourceTree = "<group>"; };
		6D8271E523183BEC0066A18C /* StatusBar.swift */ = {isa = PBXFileReference; lastKnownFileType = sourcecode.swift; path = StatusBar.swift; sourceTree = "<group>"; };
		6D89770F238B0B1C0051C114 /* FBSDKCoreKit.framework */ = {isa = PBXFileReference; explicitFileType = wrapper.framework; path = FBSDKCoreKit.framework; sourceTree = BUILT_PRODUCTS_DIR; };
		6D897713238B0B7B0051C114 /* FBSDKCoreKit.framework */ = {isa = PBXFileReference; explicitFileType = wrapper.framework; path = FBSDKCoreKit.framework; sourceTree = BUILT_PRODUCTS_DIR; };
		6D9BBB7823383AD10089B688 /* AuthenticationServices.framework */ = {isa = PBXFileReference; lastKnownFileType = wrapper.framework; name = AuthenticationServices.framework; path = System/Library/Frameworks/AuthenticationServices.framework; sourceTree = SDKROOT; };
		6DA0B2E422C5A2EC00FF96A3 /* AddImgVC.swift */ = {isa = PBXFileReference; lastKnownFileType = sourcecode.swift; path = AddImgVC.swift; sourceTree = "<group>"; };
		6DA0B2E622C6D6E200FF96A3 /* EditImageView.swift */ = {isa = PBXFileReference; lastKnownFileType = sourcecode.swift; path = EditImageView.swift; sourceTree = "<group>"; };
		6DAF1B1E22865D9E000874C6 /* EditArtVC.swift */ = {isa = PBXFileReference; lastKnownFileType = sourcecode.swift; path = EditArtVC.swift; sourceTree = "<group>"; };
		6DBF490D245665AB002EAD15 /* String+Notification.swift */ = {isa = PBXFileReference; lastKnownFileType = sourcecode.swift; path = "String+Notification.swift"; sourceTree = "<group>"; };
		6DD1280D22A708CF0068195C /* PickerViewCell.swift */ = {isa = PBXFileReference; lastKnownFileType = sourcecode.swift; path = PickerViewCell.swift; sourceTree = "<group>"; };
		6DD1280F22A72A530068195C /* FieldRect.swift */ = {isa = PBXFileReference; lastKnownFileType = sourcecode.swift; path = FieldRect.swift; sourceTree = "<group>"; };
		6DD1281322A72F7F0068195C /* UITextView+Expanding.swift */ = {isa = PBXFileReference; lastKnownFileType = sourcecode.swift; path = "UITextView+Expanding.swift"; sourceTree = "<group>"; };
		6DD1281522A72FEF0068195C /* AddDescCell.swift */ = {isa = PBXFileReference; lastKnownFileType = sourcecode.swift; path = AddDescCell.swift; sourceTree = "<group>"; };
		6DD1281922A9A88D0068195C /* OverlayScene.swift */ = {isa = PBXFileReference; lastKnownFileType = sourcecode.swift; path = OverlayScene.swift; sourceTree = "<group>"; };
		6DDE85802455EBFA006BB529 /* PickerCell.swift */ = {isa = PBXFileReference; lastKnownFileType = sourcecode.swift; path = PickerCell.swift; sourceTree = "<group>"; };
		6DE0BF54242474FB00BB863F /* ReorderVC.swift */ = {isa = PBXFileReference; lastKnownFileType = sourcecode.swift; path = ReorderVC.swift; sourceTree = "<group>"; };
		6DE39D9E22AC1B4E00636B47 /* UIButton+UIImage.swift */ = {isa = PBXFileReference; lastKnownFileType = sourcecode.swift; path = "UIButton+UIImage.swift"; sourceTree = "<group>"; };
		6DE39DA022AC5BC100636B47 /* LearnMoreVC.swift */ = {isa = PBXFileReference; lastKnownFileType = sourcecode.swift; path = LearnMoreVC.swift; sourceTree = "<group>"; };
		6DE39DA322ACA4F200636B47 /* LearnMoreInfoCell.swift */ = {isa = PBXFileReference; lastKnownFileType = sourcecode.swift; path = LearnMoreInfoCell.swift; sourceTree = "<group>"; };
		6DE3C1D12433B585007DDCFE /* ReorderCell.swift */ = {isa = PBXFileReference; lastKnownFileType = sourcecode.swift; path = ReorderCell.swift; sourceTree = "<group>"; };
		6DE3F9E9227FCB2400507AA8 /* Flaint-Bridging-Header.h */ = {isa = PBXFileReference; lastKnownFileType = sourcecode.c.h; path = "Flaint-Bridging-Header.h"; sourceTree = "<group>"; };
		6DE419B32282584C00EE6AAB /* String.swift */ = {isa = PBXFileReference; lastKnownFileType = sourcecode.swift; path = String.swift; sourceTree = "<group>"; };
		6DE419B722830CA500EE6AAB /* Recorder.swift */ = {isa = PBXFileReference; lastKnownFileType = sourcecode.swift; path = Recorder.swift; sourceTree = "<group>"; };
		6DE419B92283B43E00EE6AAB /* EmbeddedCollectionViewCell.swift */ = {isa = PBXFileReference; lastKnownFileType = sourcecode.swift; path = EmbeddedCollectionViewCell.swift; sourceTree = "<group>"; };
		6DE419BB2283B52800EE6AAB /* ArtSection.swift */ = {isa = PBXFileReference; lastKnownFileType = sourcecode.swift; path = ArtSection.swift; sourceTree = "<group>"; };
		6DE531B82291DAB5003E18B0 /* SettingsVC.swift */ = {isa = PBXFileReference; lastKnownFileType = sourcecode.swift; path = SettingsVC.swift; sourceTree = "<group>"; };
		6DE60DD822CB30AE00AB0E85 /* ResetPassVC.swift */ = {isa = PBXFileReference; lastKnownFileType = sourcecode.swift; path = ResetPassVC.swift; sourceTree = "<group>"; };
		6DE60DDE22CBE6BD00AB0E85 /* EditProfileVC.swift */ = {isa = PBXFileReference; lastKnownFileType = sourcecode.swift; path = EditProfileVC.swift; sourceTree = "<group>"; };
		6DE60DE022CBE8F500AB0E85 /* ChangePwdVC.swift */ = {isa = PBXFileReference; lastKnownFileType = sourcecode.swift; path = ChangePwdVC.swift; sourceTree = "<group>"; };
		6DE60DE222CBEBF000AB0E85 /* TextFieldCell.swift */ = {isa = PBXFileReference; lastKnownFileType = sourcecode.swift; path = TextFieldCell.swift; sourceTree = "<group>"; };
		6DE60DE522CBEEBE00AB0E85 /* PictureCell.swift */ = {isa = PBXFileReference; lastKnownFileType = sourcecode.swift; path = PictureCell.swift; sourceTree = "<group>"; };
		6DE60DE722CBF51700AB0E85 /* UIImagePicker.swift */ = {isa = PBXFileReference; lastKnownFileType = sourcecode.swift; path = UIImagePicker.swift; sourceTree = "<group>"; };
		6DE60DE922CBFC4400AB0E85 /* ProfileInfoCell.swift */ = {isa = PBXFileReference; lastKnownFileType = sourcecode.swift; path = ProfileInfoCell.swift; sourceTree = "<group>"; };
		6DE60DEC22CE616A00AB0E85 /* AccountViewModel.swift */ = {isa = PBXFileReference; lastKnownFileType = sourcecode.swift; path = AccountViewModel.swift; sourceTree = "<group>"; };
		6DE60DF022CE61B000AB0E85 /* Users.swift */ = {isa = PBXFileReference; lastKnownFileType = sourcecode.swift; path = Users.swift; sourceTree = "<group>"; };
		6DE60DF722CE6C5A00AB0E85 /* EditAccGeneralCell.swift */ = {isa = PBXFileReference; lastKnownFileType = sourcecode.swift; path = EditAccGeneralCell.swift; sourceTree = "<group>"; };
		6DE60DFA22CE735100AB0E85 /* AuthService.swift */ = {isa = PBXFileReference; lastKnownFileType = sourcecode.swift; path = AuthService.swift; sourceTree = "<group>"; };
		6DE60DFF22D2523B00AB0E85 /* CountryList.swift */ = {isa = PBXFileReference; lastKnownFileType = sourcecode.swift; path = CountryList.swift; sourceTree = "<group>"; };
		6DE60E0122D2527500AB0E85 /* CountryCell.swift */ = {isa = PBXFileReference; lastKnownFileType = sourcecode.swift; path = CountryCell.swift; sourceTree = "<group>"; };
		6DE60E0422D252AE00AB0E85 /* Country.swift */ = {isa = PBXFileReference; lastKnownFileType = sourcecode.swift; path = Country.swift; sourceTree = "<group>"; };
		6DE60E0722D298BA00AB0E85 /* PhoneTextField.swift */ = {isa = PBXFileReference; lastKnownFileType = sourcecode.swift; path = PhoneTextField.swift; sourceTree = "<group>"; };
		6DE60E0922D29BA800AB0E85 /* Countries.swift */ = {isa = PBXFileReference; lastKnownFileType = sourcecode.swift; path = Countries.swift; sourceTree = "<group>"; };
		6DE60E1122D2C58700AB0E85 /* NextButton.swift */ = {isa = PBXFileReference; lastKnownFileType = sourcecode.swift; path = NextButton.swift; sourceTree = "<group>"; };
		6DE60E1422D2C66300AB0E85 /* UIColor+Palette.swift */ = {isa = PBXFileReference; lastKnownFileType = sourcecode.swift; path = "UIColor+Palette.swift"; sourceTree = "<group>"; };
		6DE60E1822D3FD2700AB0E85 /* GoogleService-Info.plist */ = {isa = PBXFileReference; fileEncoding = 4; lastKnownFileType = text.plist.xml; path = "GoogleService-Info.plist"; sourceTree = "<group>"; };
		6DF0A5A1226C012100C892C4 /* Flaint.app */ = {isa = PBXFileReference; explicitFileType = wrapper.application; includeInIndex = 0; path = Flaint.app; sourceTree = BUILT_PRODUCTS_DIR; };
		6DF0A5A4226C012100C892C4 /* AppDelegate.swift */ = {isa = PBXFileReference; lastKnownFileType = sourcecode.swift; path = AppDelegate.swift; sourceTree = "<group>"; };
		6DF0A5A6226C012100C892C4 /* ProfileVC.swift */ = {isa = PBXFileReference; lastKnownFileType = sourcecode.swift; path = ProfileVC.swift; sourceTree = "<group>"; };
		6DF0A5A9226C012100C892C4 /* Base */ = {isa = PBXFileReference; lastKnownFileType = file.storyboard; name = Base; path = Base.lproj/Main.storyboard; sourceTree = "<group>"; };
		6DF0A5AB226C012300C892C4 /* Assets.xcassets */ = {isa = PBXFileReference; lastKnownFileType = folder.assetcatalog; path = Assets.xcassets; sourceTree = "<group>"; };
		6DF0A5AE226C012300C892C4 /* Base */ = {isa = PBXFileReference; lastKnownFileType = file.storyboard; name = Base; path = Base.lproj/LaunchScreen.storyboard; sourceTree = "<group>"; };
		6DF0A5B0226C012300C892C4 /* Info.plist */ = {isa = PBXFileReference; lastKnownFileType = text.plist.xml; path = Info.plist; sourceTree = "<group>"; };
		6DF0A5B5226C012300C892C4 /* FlaintTests.xctest */ = {isa = PBXFileReference; explicitFileType = wrapper.cfbundle; includeInIndex = 0; path = FlaintTests.xctest; sourceTree = BUILT_PRODUCTS_DIR; };
		6DF0A5B9226C012300C892C4 /* FlaintTests.swift */ = {isa = PBXFileReference; lastKnownFileType = sourcecode.swift; path = FlaintTests.swift; sourceTree = "<group>"; };
		6DF0A5BB226C012300C892C4 /* Info.plist */ = {isa = PBXFileReference; lastKnownFileType = text.plist.xml; path = Info.plist; sourceTree = "<group>"; };
		6DF0A5C0226C012300C892C4 /* FlaintUITests.xctest */ = {isa = PBXFileReference; explicitFileType = wrapper.cfbundle; includeInIndex = 0; path = FlaintUITests.xctest; sourceTree = BUILT_PRODUCTS_DIR; };
		6DF0A5C4226C012300C892C4 /* FlaintUITests.swift */ = {isa = PBXFileReference; lastKnownFileType = sourcecode.swift; path = FlaintUITests.swift; sourceTree = "<group>"; };
		6DF0A5C6226C012300C892C4 /* Info.plist */ = {isa = PBXFileReference; lastKnownFileType = text.plist.xml; path = Info.plist; sourceTree = "<group>"; };
		6DFED988229CC60500E76D29 /* AuthVC.swift */ = {isa = PBXFileReference; lastKnownFileType = sourcecode.swift; path = AuthVC.swift; sourceTree = "<group>"; };
		79A59FE6AEA17E632A80EB6B /* Pods-FlaintUITests.debug.xcconfig */ = {isa = PBXFileReference; includeInIndex = 1; lastKnownFileType = text.xcconfig; name = "Pods-FlaintUITests.debug.xcconfig"; path = "Pods/Target Support Files/Pods-FlaintUITests/Pods-FlaintUITests.debug.xcconfig"; sourceTree = "<group>"; };
		8F1FB12E66DB8D2AA0EA2C3D /* Pods_Flaint_FlaintUITests.framework */ = {isa = PBXFileReference; explicitFileType = wrapper.framework; includeInIndex = 0; path = Pods_Flaint_FlaintUITests.framework; sourceTree = BUILT_PRODUCTS_DIR; };
		9B6AE3E6968562BE9F72C7A3 /* Pods-FlaintUITests.release.xcconfig */ = {isa = PBXFileReference; includeInIndex = 1; lastKnownFileType = text.xcconfig; name = "Pods-FlaintUITests.release.xcconfig"; path = "Pods/Target Support Files/Pods-FlaintUITests/Pods-FlaintUITests.release.xcconfig"; sourceTree = "<group>"; };
		BEDCDF653EC1C44C23F1B796 /* Pods_Flaint.framework */ = {isa = PBXFileReference; explicitFileType = wrapper.framework; includeInIndex = 0; path = Pods_Flaint.framework; sourceTree = BUILT_PRODUCTS_DIR; };
		C54E0BE17C3D1F1581F37C6A /* Pods-Flaint.release.xcconfig */ = {isa = PBXFileReference; includeInIndex = 1; lastKnownFileType = text.xcconfig; name = "Pods-Flaint.release.xcconfig"; path = "Pods/Target Support Files/Pods-Flaint/Pods-Flaint.release.xcconfig"; sourceTree = "<group>"; };
		DAA6EEBDC872D92A3623091C /* Pods_FlaintTests.framework */ = {isa = PBXFileReference; explicitFileType = wrapper.framework; includeInIndex = 0; path = Pods_FlaintTests.framework; sourceTree = BUILT_PRODUCTS_DIR; };
		E4D4D89269175C2487BDD909 /* Pods-FlaintTests.debug.xcconfig */ = {isa = PBXFileReference; includeInIndex = 1; lastKnownFileType = text.xcconfig; name = "Pods-FlaintTests.debug.xcconfig"; path = "Pods/Target Support Files/Pods-FlaintTests/Pods-FlaintTests.debug.xcconfig"; sourceTree = "<group>"; };
/* End PBXFileReference section */

/* Begin PBXFrameworksBuildPhase section */
		6DF0A59E226C012100C892C4 /* Frameworks */ = {
			isa = PBXFrameworksBuildPhase;
			buildActionMask = 2147483647;
			files = (
				6D9BBB7923383AD10089B688 /* AuthenticationServices.framework in Frameworks */,
				6D388D0B232532A40080E413 /* Security.framework in Frameworks */,
				5BB98B69A04FAE3EC581A71B /* Pods_Flaint.framework in Frameworks */,
			);
			runOnlyForDeploymentPostprocessing = 0;
		};
		6DF0A5B2226C012300C892C4 /* Frameworks */ = {
			isa = PBXFrameworksBuildPhase;
			buildActionMask = 2147483647;
			files = (
				447E5C73D136E74066C5E62A /* Pods_FlaintTests.framework in Frameworks */,
			);
			runOnlyForDeploymentPostprocessing = 0;
		};
		6DF0A5BD226C012300C892C4 /* Frameworks */ = {
			isa = PBXFrameworksBuildPhase;
			buildActionMask = 2147483647;
			files = (
				ED71ACF041D73F558357B965 /* Pods_Flaint_FlaintUITests.framework in Frameworks */,
			);
			runOnlyForDeploymentPostprocessing = 0;
		};
/* End PBXFrameworksBuildPhase section */

/* Begin PBXGroup section */
		572F3FF9C6654F1BB2D4C7A5 /* Frameworks */ = {
			isa = PBXGroup;
			children = (
				6D897713238B0B7B0051C114 /* FBSDKCoreKit.framework */,
				6D89770F238B0B1C0051C114 /* FBSDKCoreKit.framework */,
				6D9BBB7823383AD10089B688 /* AuthenticationServices.framework */,
				6D388D0A232532A40080E413 /* Security.framework */,
				BEDCDF653EC1C44C23F1B796 /* Pods_Flaint.framework */,
				DAA6EEBDC872D92A3623091C /* Pods_FlaintTests.framework */,
				8F1FB12E66DB8D2AA0EA2C3D /* Pods_Flaint_FlaintUITests.framework */,
			);
			name = Frameworks;
			sourceTree = "<group>";
		};
		6D01781022977844003FC128 /* Main */ = {
			isa = PBXGroup;
			children = (
				6D1962E1231E7B970073EC3D /* ProfileVC */,
				6D290596232F2C5800281205 /* Learn+Edit */,
			);
			path = Main;
			sourceTree = "<group>";
		};
		6D0487DD2410D411003E4414 /* Constant */ = {
			isa = PBXGroup;
			children = (
				6D0487DE2410D41D003E4414 /* Enums.swift */,
				6D0487E02410D426003E4414 /* Protocols.swift */,
				6DE60E1422D2C66300AB0E85 /* UIColor+Palette.swift */,
				6D1B786E230EEE6900FA2865 /* UIFont.swift */,
				6DBF490D245665AB002EAD15 /* String+Notification.swift */,
			);
			path = Constant;
			sourceTree = "<group>";
		};
		6D0579D92290F3BE00F34E75 /* Add */ = {
			isa = PBXGroup;
			children = (
				6D0579DA2290F3CD00F34E75 /* AddArtCell.swift */,
				6D0579DC2290F59400F34E75 /* AddArtInfoCell.swift */,
				6DD1281522A72FEF0068195C /* AddDescCell.swift */,
				6DDE85802455EBFA006BB529 /* PickerCell.swift */,
			);
			path = Add;
			sourceTree = "<group>";
		};
		6D16970724215D3200FDE4CD /* Controller */ = {
			isa = PBXGroup;
			children = (
				6D39E47D2305B08800533490 /* LearnMoreViewModel.swift */,
				6DE60DEC22CE616A00AB0E85 /* AccountViewModel.swift */,
			);
			path = Controller;
			sourceTree = "<group>";
		};
		6D17A77E24230E32008AAC4F /* Helper */ = {
			isa = PBXGroup;
			children = (
				6D17A77C24230E2B008AAC4F /* DateFormatter.swift */,
				6D17A77F2423272D008AAC4F /* MessageAlerts.swift */,
			);
			path = Helper;
			sourceTree = "<group>";
		};
		6D1962D2231E13E40073EC3D /* Others */ = {
			isa = PBXGroup;
			children = (
				6D80FCCF226D04C0008C6005 /* Views */,
				6D80FCCC226D0407008C6005 /* Sections */,
				6DE60DF922CE728E00AB0E85 /* Services */,
				6DE419AF22808E0E00EE6AAB /* Utility */,
			);
			path = Others;
			sourceTree = "<group>";
		};
		6D1962E1231E7B970073EC3D /* ProfileVC */ = {
			isa = PBXGroup;
			children = (
				6DF0A5A6226C012100C892C4 /* ProfileVC.swift */,
				6D4AF3FF232734EC00D40A57 /* Profile+Data.swift */,
				6D1962E2231E7BB00073EC3D /* Profile+IGListKit.swift */,
				6D1962E4231E7C050073EC3D /* Profile+Actions.swift */,
				6DE0BF54242474FB00BB863F /* ReorderVC.swift */,
				6DD1281922A9A88D0068195C /* OverlayScene.swift */,
			);
			path = ProfileVC;
			sourceTree = "<group>";
		};
		6D1962E6231E7E7E0073EC3D /* Ressources */ = {
			isa = PBXGroup;
			children = (
				6DF0A5A8226C012100C892C4 /* Main.storyboard */,
				6DF0A5AD226C012300C892C4 /* LaunchScreen.storyboard */,
				6DF0A5A4226C012100C892C4 /* AppDelegate.swift */,
				6DE3F9E9227FCB2400507AA8 /* Flaint-Bridging-Header.h */,
				6DE60E1822D3FD2700AB0E85 /* GoogleService-Info.plist */,
				6DF0A5B0226C012300C892C4 /* Info.plist */,
				6D1A326122FCA905002FE383 /* Flaint.entitlements */,
				6D70BB1123DE83360046CC66 /* ImageClassifier.mlmodel */,
				6DF0A5AB226C012300C892C4 /* Assets.xcassets */,
			);
			path = Ressources;
			sourceTree = "<group>";
		};
		6D290596232F2C5800281205 /* Learn+Edit */ = {
			isa = PBXGroup;
			children = (
				6DE39DA022AC5BC100636B47 /* LearnMoreVC.swift */,
				6DAF1B1E22865D9E000874C6 /* EditArtVC.swift */,
			);
			path = "Learn+Edit";
			sourceTree = "<group>";
		};
		6D30556C2289287B00C0A7BF /* EditArt */ = {
			isa = PBXGroup;
			children = (
				6D30556D2289288A00C0A7BF /* EditArtCell.swift */,
			);
			path = EditArt;
			sourceTree = "<group>";
		};
		6D4AF40923275BDC00D40A57 /* Image */ = {
			isa = PBXGroup;
			children = (
				6DA0B2E422C5A2EC00FF96A3 /* AddImgVC.swift */,
				6D4AF40723275BD000D40A57 /* AddImg+ML.swift */,
				6D4AF40A23275C6400D40A57 /* AddImg+Action.swift */,
				6DA0B2E622C6D6E200FF96A3 /* EditImageView.swift */,
			);
			path = Image;
			sourceTree = "<group>";
		};
		6D4AF40C23282EF000D40A57 /* AddInfo */ = {
			isa = PBXGroup;
			children = (
				6D0579D72290EEA800F34E75 /* AddInfoVC.swift */,
				6D7D55BC2381E086005122FD /* DescriptionVC.swift */,
			);
			path = AddInfo;
			sourceTree = "<group>";
		};
		6D626E0F22D68EFB003F083E /* Log */ = {
			isa = PBXGroup;
			children = (
				6DFED988229CC60500E76D29 /* AuthVC.swift */,
				6DE60DD822CB30AE00AB0E85 /* ResetPassVC.swift */,
				6D626E0B22D65407003F083E /* UsernameVC.swift */,
			);
			path = Log;
			sourceTree = "<group>";
		};
		6D626E1022D68F04003F083E /* Auth */ = {
			isa = PBXGroup;
			children = (
				6D626E0F22D68EFB003F083E /* Log */,
			);
			path = Auth;
			sourceTree = "<group>";
		};
		6D80FCCC226D0407008C6005 /* Sections */ = {
			isa = PBXGroup;
			children = (
				6D80FCCD226D044D008C6005 /* ProfileSection.swift */,
				6D80FCD5226E16FB008C6005 /* GallerySection.swift */,
				6DE419BB2283B52800EE6AAB /* ArtSection.swift */,
				6D35AE4B22A4A7C60044ABAE /* ArNotSupporterVC.swift */,
			);
			path = Sections;
			sourceTree = "<group>";
		};
		6D80FCCF226D04C0008C6005 /* Views */ = {
			isa = PBXGroup;
			children = (
				6DE3C1CF2433B56E007DDCFE /* Cells */,
				6DE60E1022D2C57B00AB0E85 /* Button */,
				6DE60E0C22D2A14300AB0E85 /* Label */,
				6DE60E0622D2987600AB0E85 /* Text */,
				6DE39D9D22AC1B3E00636B47 /* UIButton */,
				6D80FCD7226E17E1008C6005 /* 3D */,
				6D80FCD3226D05A7008C6005 /* UICreator.swift */,
			);
			path = Views;
			sourceTree = "<group>";
		};
		6D80FCD0226D04C8008C6005 /* Profile */ = {
			isa = PBXGroup;
			children = (
				6D80FCD1226D04FB008C6005 /* ProfileImageCell.swift */,
				6DE419B92283B43E00EE6AAB /* EmbeddedCollectionViewCell.swift */,
			);
			path = Profile;
			sourceTree = "<group>";
		};
		6D80FCD7226E17E1008C6005 /* 3D */ = {
			isa = PBXGroup;
			children = (
				6D80FCD8226E17EF008C6005 /* ArtRoomScene.swift */,
			);
			path = 3D;
			sourceTree = "<group>";
		};
		6D80FCDA226E181A008C6005 /* Model */ = {
			isa = PBXGroup;
			children = (
				6D80FCDB226E1825008C6005 /* Art.swift */,
				6DE60DF022CE61B000AB0E85 /* Users.swift */,
				6D0487D4240F7843003E4414 /* Classification.swift */,
				6D19A0D32421281A00225BB2 /* ImageResizeOperation.swift */,
				6D19A0D52421323400225BB2 /* FetchImageOperation.swift */,
			);
			path = Model;
			sourceTree = "<group>";
		};
		6DAF1B1B22865B45000874C6 /* ViewController */ = {
			isa = PBXGroup;
			children = (
				6D01781022977844003FC128 /* Main */,
				6DE3585222C1B933004537FA /* Add */,
				6DE531B72291DA9F003E18B0 /* Settings */,
				6D626E1022D68F04003F083E /* Auth */,
			);
			path = ViewController;
			sourceTree = "<group>";
		};
		6DE3585222C1B933004537FA /* Add */ = {
			isa = PBXGroup;
			children = (
				6D4AF40923275BDC00D40A57 /* Image */,
				6D4AF40C23282EF000D40A57 /* AddInfo */,
			);
			path = Add;
			sourceTree = "<group>";
		};
		6DE39D9D22AC1B3E00636B47 /* UIButton */ = {
			isa = PBXGroup;
			children = (
				6DE39D9E22AC1B4E00636B47 /* UIButton+UIImage.swift */,
			);
			path = UIButton;
			sourceTree = "<group>";
		};
		6DE39DA222ACA4E100636B47 /* LearnMore */ = {
			isa = PBXGroup;
			children = (
				6DE39DA322ACA4F200636B47 /* LearnMoreInfoCell.swift */,
			);
			path = LearnMore;
			sourceTree = "<group>";
		};
		6DE3C1CF2433B56E007DDCFE /* Cells */ = {
			isa = PBXGroup;
			children = (
				6DE60E0122D2527500AB0E85 /* CountryCell.swift */,
				6DE60DE222CBEBF000AB0E85 /* TextFieldCell.swift */,
				6DE39DA222ACA4E100636B47 /* LearnMore */,
				6D30556C2289287B00C0A7BF /* EditArt */,
				6DE60DE422CBEEA800AB0E85 /* EditProfile */,
				6D0579D92290F3BE00F34E75 /* Add */,
				6D80FCD0226D04C8008C6005 /* Profile */,
				6DE3C1D02433B576007DDCFE /* Reorder */,
			);
			path = Cells;
			sourceTree = "<group>";
		};
		6DE3C1D02433B576007DDCFE /* Reorder */ = {
			isa = PBXGroup;
			children = (
				6DE3C1D12433B585007DDCFE /* ReorderCell.swift */,
			);
			path = Reorder;
			sourceTree = "<group>";
		};
		6DE419AF22808E0E00EE6AAB /* Utility */ = {
			isa = PBXGroup;
			children = (
				6DE60E0322D2529F00AB0E85 /* Country */,
				6DE419B722830CA500EE6AAB /* Recorder.swift */,
				6DD1280D22A708CF0068195C /* PickerViewCell.swift */,
				6DE60DE722CBF51700AB0E85 /* UIImagePicker.swift */,
			);
			path = Utility;
			sourceTree = "<group>";
		};
		6DE419B22282583500EE6AAB /* Extension */ = {
			isa = PBXGroup;
			children = (
				6DE419B32282584C00EE6AAB /* String.swift */,
				6D30556F228A46B200C0A7BF /* IndicatorItem.swift */,
				6D0579D52290DDB300F34E75 /* TopBarHeight.swift */,
				6D626E0D22D66674003F083E /* Validation+String.swift */,
				6D8271E523183BEC0066A18C /* StatusBar.swift */,
				6D0487E22410D5A7003E4414 /* Extension.swift */,
			);
			path = Extension;
			sourceTree = "<group>";
		};
		6DE531B72291DA9F003E18B0 /* Settings */ = {
			isa = PBXGroup;
			children = (
				6DE531B82291DAB5003E18B0 /* SettingsVC.swift */,
				6DE60DDE22CBE6BD00AB0E85 /* EditProfileVC.swift */,
				6DE60DE022CBE8F500AB0E85 /* ChangePwdVC.swift */,
				6D2905972330678700281205 /* EditGeneralInfoVC.swift */,
				6D39E47F2306313300533490 /* UpdatePersonalInfo.swift */,
			);
			path = Settings;
			sourceTree = "<group>";
		};
		6DE60DE422CBEEA800AB0E85 /* EditProfile */ = {
			isa = PBXGroup;
			children = (
				6DE60DE522CBEEBE00AB0E85 /* PictureCell.swift */,
				6DE60DE922CBFC4400AB0E85 /* ProfileInfoCell.swift */,
				6DE60DF722CE6C5A00AB0E85 /* EditAccGeneralCell.swift */,
			);
			path = EditProfile;
			sourceTree = "<group>";
		};
		6DE60DF922CE728E00AB0E85 /* Services */ = {
			isa = PBXGroup;
			children = (
				6DE60DFA22CE735100AB0E85 /* AuthService.swift */,
				6D626E0922D5E93F003F083E /* DataService.swift */,
				6D626E1322DB7C17003F083E /* ErrorHandler.swift */,
				6D6BC11D232D6651008AD45D /* AI.swift */,
			);
			path = Services;
			sourceTree = "<group>";
		};
		6DE60E0322D2529F00AB0E85 /* Country */ = {
			isa = PBXGroup;
			children = (
				6DE60DFF22D2523B00AB0E85 /* CountryList.swift */,
				6DE60E0422D252AE00AB0E85 /* Country.swift */,
				6DE60E0922D29BA800AB0E85 /* Countries.swift */,
			);
			path = Country;
			sourceTree = "<group>";
		};
		6DE60E0622D2987600AB0E85 /* Text */ = {
			isa = PBXGroup;
			children = (
				6DD1280F22A72A530068195C /* FieldRect.swift */,
				6DD1281322A72F7F0068195C /* UITextView+Expanding.swift */,
				6DE60E0722D298BA00AB0E85 /* PhoneTextField.swift */,
			);
			path = Text;
			sourceTree = "<group>";
		};
		6DE60E0C22D2A14300AB0E85 /* Label */ = {
			isa = PBXGroup;
			children = (
				6D0579D32290D84800F34E75 /* OrientationView.swift */,
			);
			path = Label;
			sourceTree = "<group>";
		};
		6DE60E1022D2C57B00AB0E85 /* Button */ = {
			isa = PBXGroup;
			children = (
				6DE60E1122D2C58700AB0E85 /* NextButton.swift */,
			);
			path = Button;
			sourceTree = "<group>";
		};
		6DF0A598226C012100C892C4 = {
			isa = PBXGroup;
			children = (
				6DF0A5A3226C012100C892C4 /* Flaint */,
				6DF0A5B8226C012300C892C4 /* FlaintTests */,
				6DF0A5C3226C012300C892C4 /* FlaintUITests */,
				6DF0A5A2226C012100C892C4 /* Products */,
				87D9EE0498429F345B487E6B /* Pods */,
				572F3FF9C6654F1BB2D4C7A5 /* Frameworks */,
			);
			sourceTree = "<group>";
		};
		6DF0A5A2226C012100C892C4 /* Products */ = {
			isa = PBXGroup;
			children = (
				6DF0A5A1226C012100C892C4 /* Flaint.app */,
				6DF0A5B5226C012300C892C4 /* FlaintTests.xctest */,
				6DF0A5C0226C012300C892C4 /* FlaintUITests.xctest */,
			);
			name = Products;
			sourceTree = "<group>";
		};
		6DF0A5A3226C012100C892C4 /* Flaint */ = {
			isa = PBXGroup;
			children = (
				6DAF1B1B22865B45000874C6 /* ViewController */,
				6D80FCDA226E181A008C6005 /* Model */,
				6D17A77E24230E32008AAC4F /* Helper */,
				6D16970724215D3200FDE4CD /* Controller */,
				6DE419B22282583500EE6AAB /* Extension */,
				6D0487DD2410D411003E4414 /* Constant */,
				6D1962D2231E13E40073EC3D /* Others */,
				6D1962E6231E7E7E0073EC3D /* Ressources */,
			);
			path = Flaint;
			sourceTree = "<group>";
		};
		6DF0A5B8226C012300C892C4 /* FlaintTests */ = {
			isa = PBXGroup;
			children = (
				6DF0A5B9226C012300C892C4 /* FlaintTests.swift */,
				6DF0A5BB226C012300C892C4 /* Info.plist */,
				6D17A778242284C4008AAC4F /* test.swift */,
			);
			path = FlaintTests;
			sourceTree = "<group>";
		};
		6DF0A5C3226C012300C892C4 /* FlaintUITests */ = {
			isa = PBXGroup;
			children = (
				6DF0A5C4226C012300C892C4 /* FlaintUITests.swift */,
				6DF0A5C6226C012300C892C4 /* Info.plist */,
			);
			path = FlaintUITests;
			sourceTree = "<group>";
		};
		87D9EE0498429F345B487E6B /* Pods */ = {
			isa = PBXGroup;
			children = (
				66766FB775A0511CBAE33533 /* Pods-Flaint.debug.xcconfig */,
				C54E0BE17C3D1F1581F37C6A /* Pods-Flaint.release.xcconfig */,
				E4D4D89269175C2487BDD909 /* Pods-FlaintTests.debug.xcconfig */,
				5AF0649033B01824ACBBE421 /* Pods-FlaintTests.release.xcconfig */,
				79A59FE6AEA17E632A80EB6B /* Pods-FlaintUITests.debug.xcconfig */,
				9B6AE3E6968562BE9F72C7A3 /* Pods-FlaintUITests.release.xcconfig */,
				25C12918FDBC0B20097CE32F /* Pods-Flaint-FlaintUITests.debug.xcconfig */,
				2262BC54625826DE986D202B /* Pods-Flaint-FlaintUITests.release.xcconfig */,
			);
			name = Pods;
			sourceTree = "<group>";
		};
/* End PBXGroup section */

/* Begin PBXNativeTarget section */
		6DF0A5A0226C012100C892C4 /* Flaint */ = {
			isa = PBXNativeTarget;
			buildConfigurationList = 6DF0A5C9226C012300C892C4 /* Build configuration list for PBXNativeTarget "Flaint" */;
			buildPhases = (
				39D09680CC69AC27FD8BAB6A /* [CP] Check Pods Manifest.lock */,
				6DF0A59D226C012100C892C4 /* Sources */,
				6DF0A59E226C012100C892C4 /* Frameworks */,
				6DF0A59F226C012100C892C4 /* Resources */,
				971512B7E7080B04F15346FC /* [CP] Embed Pods Frameworks */,
			);
			buildRules = (
			);
			dependencies = (
			);
			name = Flaint;
			productName = Flaint;
			productReference = 6DF0A5A1226C012100C892C4 /* Flaint.app */;
			productType = "com.apple.product-type.application";
		};
		6DF0A5B4226C012300C892C4 /* FlaintTests */ = {
			isa = PBXNativeTarget;
			buildConfigurationList = 6DF0A5CC226C012300C892C4 /* Build configuration list for PBXNativeTarget "FlaintTests" */;
			buildPhases = (
				5A5EBD0F039236214C6068A1 /* [CP] Check Pods Manifest.lock */,
				6DF0A5B1226C012300C892C4 /* Sources */,
				6DF0A5B2226C012300C892C4 /* Frameworks */,
				6DF0A5B3226C012300C892C4 /* Resources */,
			);
			buildRules = (
			);
			dependencies = (
				6DF0A5B7226C012300C892C4 /* PBXTargetDependency */,
			);
			name = FlaintTests;
			productName = FlaintTests;
			productReference = 6DF0A5B5226C012300C892C4 /* FlaintTests.xctest */;
			productType = "com.apple.product-type.bundle.unit-test";
		};
		6DF0A5BF226C012300C892C4 /* FlaintUITests */ = {
			isa = PBXNativeTarget;
			buildConfigurationList = 6DF0A5CF226C012300C892C4 /* Build configuration list for PBXNativeTarget "FlaintUITests" */;
			buildPhases = (
				365D80D64FF3E816F620E2F2 /* [CP] Check Pods Manifest.lock */,
				6DF0A5BC226C012300C892C4 /* Sources */,
				6DF0A5BD226C012300C892C4 /* Frameworks */,
				6DF0A5BE226C012300C892C4 /* Resources */,
				A7742BA5C9D181A662DF8DD7 /* [CP] Embed Pods Frameworks */,
			);
			buildRules = (
			);
			dependencies = (
				6DF0A5C2226C012300C892C4 /* PBXTargetDependency */,
			);
			name = FlaintUITests;
			productName = FlaintUITests;
			productReference = 6DF0A5C0226C012300C892C4 /* FlaintUITests.xctest */;
			productType = "com.apple.product-type.bundle.ui-testing";
		};
/* End PBXNativeTarget section */

/* Begin PBXProject section */
		6DF0A599226C012100C892C4 /* Project object */ = {
			isa = PBXProject;
			attributes = {
				LastSwiftUpdateCheck = 1010;
				LastUpgradeCheck = 1010;
				ORGANIZATIONNAME = "Kerby Jean";
				TargetAttributes = {
					6DF0A5A0226C012100C892C4 = {
						CreatedOnToolsVersion = 10.1;
						LastSwiftMigration = 1100;
						SystemCapabilities = {
							com.apple.BackgroundModes = {
								enabled = 1;
							};
							com.apple.SafariKeychain = {
								enabled = 1;
							};
						};
					};
					6DF0A5B4226C012300C892C4 = {
						CreatedOnToolsVersion = 10.1;
						LastSwiftMigration = 1100;
						TestTargetID = 6DF0A5A0226C012100C892C4;
					};
					6DF0A5BF226C012300C892C4 = {
						CreatedOnToolsVersion = 10.1;
						LastSwiftMigration = 1100;
						TestTargetID = 6DF0A5A0226C012100C892C4;
					};
				};
			};
			buildConfigurationList = 6DF0A59C226C012100C892C4 /* Build configuration list for PBXProject "Flaint" */;
			compatibilityVersion = "Xcode 9.3";
			developmentRegion = en;
			hasScannedForEncodings = 0;
			knownRegions = (
				en,
				Base,
			);
			mainGroup = 6DF0A598226C012100C892C4;
			productRefGroup = 6DF0A5A2226C012100C892C4 /* Products */;
			projectDirPath = "";
			projectRoot = "";
			targets = (
				6DF0A5A0226C012100C892C4 /* Flaint */,
				6DF0A5B4226C012300C892C4 /* FlaintTests */,
				6DF0A5BF226C012300C892C4 /* FlaintUITests */,
			);
		};
/* End PBXProject section */

/* Begin PBXResourcesBuildPhase section */
		6DF0A59F226C012100C892C4 /* Resources */ = {
			isa = PBXResourcesBuildPhase;
			buildActionMask = 2147483647;
			files = (
				6DF0A5AF226C012300C892C4 /* LaunchScreen.storyboard in Resources */,
				6DF0A5AC226C012300C892C4 /* Assets.xcassets in Resources */,
				6DF0A5AA226C012100C892C4 /* Main.storyboard in Resources */,
				6DE60E1922D3FD2700AB0E85 /* GoogleService-Info.plist in Resources */,
			);
			runOnlyForDeploymentPostprocessing = 0;
		};
		6DF0A5B3226C012300C892C4 /* Resources */ = {
			isa = PBXResourcesBuildPhase;
			buildActionMask = 2147483647;
			files = (
			);
			runOnlyForDeploymentPostprocessing = 0;
		};
		6DF0A5BE226C012300C892C4 /* Resources */ = {
			isa = PBXResourcesBuildPhase;
			buildActionMask = 2147483647;
			files = (
			);
			runOnlyForDeploymentPostprocessing = 0;
		};
/* End PBXResourcesBuildPhase section */

/* Begin PBXShellScriptBuildPhase section */
		365D80D64FF3E816F620E2F2 /* [CP] Check Pods Manifest.lock */ = {
			isa = PBXShellScriptBuildPhase;
			buildActionMask = 2147483647;
			files = (
			);
			inputFileListPaths = (
			);
			inputPaths = (
				"${PODS_PODFILE_DIR_PATH}/Podfile.lock",
				"${PODS_ROOT}/Manifest.lock",
			);
			name = "[CP] Check Pods Manifest.lock";
			outputFileListPaths = (
			);
			outputPaths = (
				"$(DERIVED_FILE_DIR)/Pods-Flaint-FlaintUITests-checkManifestLockResult.txt",
			);
			runOnlyForDeploymentPostprocessing = 0;
			shellPath = /bin/sh;
			shellScript = "diff \"${PODS_PODFILE_DIR_PATH}/Podfile.lock\" \"${PODS_ROOT}/Manifest.lock\" > /dev/null\nif [ $? != 0 ] ; then\n    # print error to STDERR\n    echo \"error: The sandbox is not in sync with the Podfile.lock. Run 'pod install' or update your CocoaPods installation.\" >&2\n    exit 1\nfi\n# This output is used by Xcode 'outputs' to avoid re-running this script phase.\necho \"SUCCESS\" > \"${SCRIPT_OUTPUT_FILE_0}\"\n";
			showEnvVarsInLog = 0;
		};
		39D09680CC69AC27FD8BAB6A /* [CP] Check Pods Manifest.lock */ = {
			isa = PBXShellScriptBuildPhase;
			buildActionMask = 2147483647;
			files = (
			);
			inputFileListPaths = (
			);
			inputPaths = (
				"${PODS_PODFILE_DIR_PATH}/Podfile.lock",
				"${PODS_ROOT}/Manifest.lock",
			);
			name = "[CP] Check Pods Manifest.lock";
			outputFileListPaths = (
			);
			outputPaths = (
				"$(DERIVED_FILE_DIR)/Pods-Flaint-checkManifestLockResult.txt",
			);
			runOnlyForDeploymentPostprocessing = 0;
			shellPath = /bin/sh;
			shellScript = "diff \"${PODS_PODFILE_DIR_PATH}/Podfile.lock\" \"${PODS_ROOT}/Manifest.lock\" > /dev/null\nif [ $? != 0 ] ; then\n    # print error to STDERR\n    echo \"error: The sandbox is not in sync with the Podfile.lock. Run 'pod install' or update your CocoaPods installation.\" >&2\n    exit 1\nfi\n# This output is used by Xcode 'outputs' to avoid re-running this script phase.\necho \"SUCCESS\" > \"${SCRIPT_OUTPUT_FILE_0}\"\n";
			showEnvVarsInLog = 0;
		};
		5A5EBD0F039236214C6068A1 /* [CP] Check Pods Manifest.lock */ = {
			isa = PBXShellScriptBuildPhase;
			buildActionMask = 2147483647;
			files = (
			);
			inputFileListPaths = (
			);
			inputPaths = (
				"${PODS_PODFILE_DIR_PATH}/Podfile.lock",
				"${PODS_ROOT}/Manifest.lock",
			);
			name = "[CP] Check Pods Manifest.lock";
			outputFileListPaths = (
			);
			outputPaths = (
				"$(DERIVED_FILE_DIR)/Pods-FlaintTests-checkManifestLockResult.txt",
			);
			runOnlyForDeploymentPostprocessing = 0;
			shellPath = /bin/sh;
			shellScript = "diff \"${PODS_PODFILE_DIR_PATH}/Podfile.lock\" \"${PODS_ROOT}/Manifest.lock\" > /dev/null\nif [ $? != 0 ] ; then\n    # print error to STDERR\n    echo \"error: The sandbox is not in sync with the Podfile.lock. Run 'pod install' or update your CocoaPods installation.\" >&2\n    exit 1\nfi\n# This output is used by Xcode 'outputs' to avoid re-running this script phase.\necho \"SUCCESS\" > \"${SCRIPT_OUTPUT_FILE_0}\"\n";
			showEnvVarsInLog = 0;
		};
		971512B7E7080B04F15346FC /* [CP] Embed Pods Frameworks */ = {
			isa = PBXShellScriptBuildPhase;
			buildActionMask = 2147483647;
			files = (
			);
			inputFileListPaths = (
				"${PODS_ROOT}/Target Support Files/Pods-Flaint/Pods-Flaint-frameworks-${CONFIGURATION}-input-files.xcfilelist",
			);
			name = "[CP] Embed Pods Frameworks";
			outputFileListPaths = (
				"${PODS_ROOT}/Target Support Files/Pods-Flaint/Pods-Flaint-frameworks-${CONFIGURATION}-output-files.xcfilelist",
			);
			runOnlyForDeploymentPostprocessing = 0;
			shellPath = /bin/sh;
			shellScript = "\"${PODS_ROOT}/Target Support Files/Pods-Flaint/Pods-Flaint-frameworks.sh\"\n";
			showEnvVarsInLog = 0;
		};
		A7742BA5C9D181A662DF8DD7 /* [CP] Embed Pods Frameworks */ = {
			isa = PBXShellScriptBuildPhase;
			buildActionMask = 2147483647;
			files = (
			);
			inputFileListPaths = (
				"${PODS_ROOT}/Target Support Files/Pods-Flaint-FlaintUITests/Pods-Flaint-FlaintUITests-frameworks-${CONFIGURATION}-input-files.xcfilelist",
			);
			name = "[CP] Embed Pods Frameworks";
			outputFileListPaths = (
				"${PODS_ROOT}/Target Support Files/Pods-Flaint-FlaintUITests/Pods-Flaint-FlaintUITests-frameworks-${CONFIGURATION}-output-files.xcfilelist",
			);
			runOnlyForDeploymentPostprocessing = 0;
			shellPath = /bin/sh;
			shellScript = "\"${PODS_ROOT}/Target Support Files/Pods-Flaint-FlaintUITests/Pods-Flaint-FlaintUITests-frameworks.sh\"\n";
			showEnvVarsInLog = 0;
		};
/* End PBXShellScriptBuildPhase section */

/* Begin PBXSourcesBuildPhase section */
		6DF0A59D226C012100C892C4 /* Sources */ = {
			isa = PBXSourcesBuildPhase;
			buildActionMask = 2147483647;
			files = (
				6DE60DF122CE61B000AB0E85 /* Users.swift in Sources */,
				6DF0A5A7226C012100C892C4 /* ProfileVC.swift in Sources */,
				6D0579D82290EEA800F34E75 /* AddInfoVC.swift in Sources */,
				6DE419B822830CA500EE6AAB /* Recorder.swift in Sources */,
				6DE60E1522D2C66300AB0E85 /* UIColor+Palette.swift in Sources */,
				6D19A0D42421281A00225BB2 /* ImageResizeOperation.swift in Sources */,
				6DE60DE322CBEBF000AB0E85 /* TextFieldCell.swift in Sources */,
				6D4AF40823275BD000D40A57 /* AddImg+ML.swift in Sources */,
				6D30556E2289288A00C0A7BF /* EditArtCell.swift in Sources */,
				6D0487E12410D426003E4414 /* Protocols.swift in Sources */,
				6DE60DE622CBEEBE00AB0E85 /* PictureCell.swift in Sources */,
				6DE60DF822CE6C5A00AB0E85 /* EditAccGeneralCell.swift in Sources */,
				6DE39DA122AC5BC100636B47 /* LearnMoreVC.swift in Sources */,
				6DE60E1222D2C58700AB0E85 /* NextButton.swift in Sources */,
				6DE60DFB22CE735100AB0E85 /* AuthService.swift in Sources */,
				6DAF1B1F22865D9E000874C6 /* EditArtVC.swift in Sources */,
				6D17A77D24230E2B008AAC4F /* DateFormatter.swift in Sources */,
				6D80FCD2226D04FB008C6005 /* ProfileImageCell.swift in Sources */,
				6DA0B2E522C5A2EC00FF96A3 /* AddImgVC.swift in Sources */,
				6D80FCCE226D044D008C6005 /* ProfileSection.swift in Sources */,
				6D17A7802423272D008AAC4F /* MessageAlerts.swift in Sources */,
				6DE39DA422ACA4F200636B47 /* LearnMoreInfoCell.swift in Sources */,
				6DFED989229CC60500E76D29 /* AuthVC.swift in Sources */,
				6D0487E32410D5A7003E4414 /* Extension.swift in Sources */,
				6DE419B42282584C00EE6AAB /* String.swift in Sources */,
				6D1962E3231E7BB00073EC3D /* Profile+IGListKit.swift in Sources */,
				6DE3C1D22433B585007DDCFE /* ReorderCell.swift in Sources */,
				6D39E47E2305B08800533490 /* LearnMoreViewModel.swift in Sources */,
				6D80FCDC226E1825008C6005 /* Art.swift in Sources */,
				6D626E0E22D66674003F083E /* Validation+String.swift in Sources */,
				6D305570228A46B200C0A7BF /* IndicatorItem.swift in Sources */,
				6D1B786F230EEE6900FA2865 /* UIFont.swift in Sources */,
				6DE0BF55242474FB00BB863F /* ReorderVC.swift in Sources */,
				6D80FCD6226E16FB008C6005 /* GallerySection.swift in Sources */,
				6DE60DD922CB30AE00AB0E85 /* ResetPassVC.swift in Sources */,
				6D8271E623183BEC0066A18C /* StatusBar.swift in Sources */,
				6DE60E0222D2527500AB0E85 /* CountryCell.swift in Sources */,
				6DD1281A22A9A88D0068195C /* OverlayScene.swift in Sources */,
				6DE531B92291DAB5003E18B0 /* SettingsVC.swift in Sources */,
				6D80FCD4226D05A7008C6005 /* UICreator.swift in Sources */,
				6DE60DE822CBF51700AB0E85 /* UIImagePicker.swift in Sources */,
				6D6BC11E232D6651008AD45D /* AI.swift in Sources */,
				6DE60E0022D2523B00AB0E85 /* CountryList.swift in Sources */,
				6DE39D9F22AC1B4E00636B47 /* UIButton+UIImage.swift in Sources */,
				6DD1281622A72FEF0068195C /* AddDescCell.swift in Sources */,
				6DBF490E245665AB002EAD15 /* String+Notification.swift in Sources */,
				6D0579D42290D84800F34E75 /* OrientationView.swift in Sources */,
				6DE60E0A22D29BA800AB0E85 /* Countries.swift in Sources */,
				6D626E1422DB7C17003F083E /* ErrorHandler.swift in Sources */,
				6DE419BA2283B43F00EE6AAB /* EmbeddedCollectionViewCell.swift in Sources */,
				6DD1281022A72A530068195C /* FieldRect.swift in Sources */,
				6D0487DF2410D41D003E4414 /* Enums.swift in Sources */,
				6D70BB1223DE83360046CC66 /* ImageClassifier.mlmodel in Sources */,
				6D4AF40B23275C6400D40A57 /* AddImg+Action.swift in Sources */,
				6DF0A5A5226C012100C892C4 /* AppDelegate.swift in Sources */,
				6D0579DD2290F59400F34E75 /* AddArtInfoCell.swift in Sources */,
				6DE60DE122CBE8F500AB0E85 /* ChangePwdVC.swift in Sources */,
				6D35AE4C22A4A7C60044ABAE /* ArNotSupporterVC.swift in Sources */,
				6DE419BC2283B52800EE6AAB /* ArtSection.swift in Sources */,
				6D39E4802306313300533490 /* UpdatePersonalInfo.swift in Sources */,
				6DE60DEA22CBFC4400AB0E85 /* ProfileInfoCell.swift in Sources */,
				6DE60E0522D252AE00AB0E85 /* Country.swift in Sources */,
				6D2905982330678700281205 /* EditGeneralInfoVC.swift in Sources */,
				6DD1281422A72F7F0068195C /* UITextView+Expanding.swift in Sources */,
				6D0579D62290DDB300F34E75 /* TopBarHeight.swift in Sources */,
				6DDE85812455EBFA006BB529 /* PickerCell.swift in Sources */,
				6DD1280E22A708CF0068195C /* PickerViewCell.swift in Sources */,
				6DE60DDF22CBE6BD00AB0E85 /* EditProfileVC.swift in Sources */,
				6DA0B2E722C6D6E200FF96A3 /* EditImageView.swift in Sources */,
				6D7D55BD2381E086005122FD /* DescriptionVC.swift in Sources */,
				6D1962E5231E7C050073EC3D /* Profile+Actions.swift in Sources */,
				6D80FCD9226E17EF008C6005 /* ArtRoomScene.swift in Sources */,
				6D4AF400232734EC00D40A57 /* Profile+Data.swift in Sources */,
				6D626E0C22D65407003F083E /* UsernameVC.swift in Sources */,
				6DE60DED22CE616A00AB0E85 /* AccountViewModel.swift in Sources */,
				6D0487D5240F7843003E4414 /* Classification.swift in Sources */,
				6DE60E0822D298BA00AB0E85 /* PhoneTextField.swift in Sources */,
				6D0579DB2290F3CD00F34E75 /* AddArtCell.swift in Sources */,
				6D19A0D62421323400225BB2 /* FetchImageOperation.swift in Sources */,
				6D626E0A22D5E93F003F083E /* DataService.swift in Sources */,
			);
			runOnlyForDeploymentPostprocessing = 0;
		};
		6DF0A5B1226C012300C892C4 /* Sources */ = {
			isa = PBXSourcesBuildPhase;
			buildActionMask = 2147483647;
			files = (
				6DF0A5BA226C012300C892C4 /* FlaintTests.swift in Sources */,
				6D17A779242284C4008AAC4F /* test.swift in Sources */,
			);
			runOnlyForDeploymentPostprocessing = 0;
		};
		6DF0A5BC226C012300C892C4 /* Sources */ = {
			isa = PBXSourcesBuildPhase;
			buildActionMask = 2147483647;
			files = (
				6DF0A5C5226C012300C892C4 /* FlaintUITests.swift in Sources */,
			);
			runOnlyForDeploymentPostprocessing = 0;
		};
/* End PBXSourcesBuildPhase section */

/* Begin PBXTargetDependency section */
		6DF0A5B7226C012300C892C4 /* PBXTargetDependency */ = {
			isa = PBXTargetDependency;
			target = 6DF0A5A0226C012100C892C4 /* Flaint */;
			targetProxy = 6DF0A5B6226C012300C892C4 /* PBXContainerItemProxy */;
		};
		6DF0A5C2226C012300C892C4 /* PBXTargetDependency */ = {
			isa = PBXTargetDependency;
			target = 6DF0A5A0226C012100C892C4 /* Flaint */;
			targetProxy = 6DF0A5C1226C012300C892C4 /* PBXContainerItemProxy */;
		};
/* End PBXTargetDependency section */

/* Begin PBXVariantGroup section */
		6DF0A5A8226C012100C892C4 /* Main.storyboard */ = {
			isa = PBXVariantGroup;
			children = (
				6DF0A5A9226C012100C892C4 /* Base */,
			);
			name = Main.storyboard;
			sourceTree = "<group>";
		};
		6DF0A5AD226C012300C892C4 /* LaunchScreen.storyboard */ = {
			isa = PBXVariantGroup;
			children = (
				6DF0A5AE226C012300C892C4 /* Base */,
			);
			name = LaunchScreen.storyboard;
			sourceTree = "<group>";
		};
/* End PBXVariantGroup section */

/* Begin XCBuildConfiguration section */
		6DF0A5C7226C012300C892C4 /* Debug */ = {
			isa = XCBuildConfiguration;
			buildSettings = {
				ALWAYS_SEARCH_USER_PATHS = NO;
				CLANG_ANALYZER_NONNULL = YES;
				CLANG_ANALYZER_NUMBER_OBJECT_CONVERSION = YES_AGGRESSIVE;
				CLANG_CXX_LANGUAGE_STANDARD = "gnu++14";
				CLANG_CXX_LIBRARY = "libc++";
				CLANG_ENABLE_MODULES = YES;
				CLANG_ENABLE_OBJC_ARC = YES;
				CLANG_ENABLE_OBJC_WEAK = YES;
				CLANG_WARN_BLOCK_CAPTURE_AUTORELEASING = YES;
				CLANG_WARN_BOOL_CONVERSION = YES;
				CLANG_WARN_COMMA = YES;
				CLANG_WARN_CONSTANT_CONVERSION = YES;
				CLANG_WARN_DEPRECATED_OBJC_IMPLEMENTATIONS = YES;
				CLANG_WARN_DIRECT_OBJC_ISA_USAGE = YES_ERROR;
				CLANG_WARN_DOCUMENTATION_COMMENTS = YES;
				CLANG_WARN_EMPTY_BODY = YES;
				CLANG_WARN_ENUM_CONVERSION = YES;
				CLANG_WARN_INFINITE_RECURSION = YES;
				CLANG_WARN_INT_CONVERSION = YES;
				CLANG_WARN_NON_LITERAL_NULL_CONVERSION = YES;
				CLANG_WARN_OBJC_IMPLICIT_RETAIN_SELF = YES;
				CLANG_WARN_OBJC_LITERAL_CONVERSION = YES;
				CLANG_WARN_OBJC_ROOT_CLASS = YES_ERROR;
				CLANG_WARN_RANGE_LOOP_ANALYSIS = YES;
				CLANG_WARN_STRICT_PROTOTYPES = YES;
				CLANG_WARN_SUSPICIOUS_MOVE = YES;
				CLANG_WARN_UNGUARDED_AVAILABILITY = YES_AGGRESSIVE;
				CLANG_WARN_UNREACHABLE_CODE = YES;
				CLANG_WARN__DUPLICATE_METHOD_MATCH = YES;
				CODE_SIGN_IDENTITY = "iPhone Developer";
				COPY_PHASE_STRIP = NO;
				DEBUG_INFORMATION_FORMAT = dwarf;
				ENABLE_STRICT_OBJC_MSGSEND = YES;
				ENABLE_TESTABILITY = YES;
				GCC_C_LANGUAGE_STANDARD = gnu11;
				GCC_DYNAMIC_NO_PIC = NO;
				GCC_NO_COMMON_BLOCKS = YES;
				GCC_OPTIMIZATION_LEVEL = 0;
				GCC_PREPROCESSOR_DEFINITIONS = (
					"DEBUG=1",
					"$(inherited)",
				);
				GCC_WARN_64_TO_32_BIT_CONVERSION = YES;
				GCC_WARN_ABOUT_RETURN_TYPE = YES_ERROR;
				GCC_WARN_UNDECLARED_SELECTOR = YES;
				GCC_WARN_UNINITIALIZED_AUTOS = YES_AGGRESSIVE;
				GCC_WARN_UNUSED_FUNCTION = YES;
				GCC_WARN_UNUSED_VARIABLE = YES;
				IPHONEOS_DEPLOYMENT_TARGET = 13.2;
				MTL_ENABLE_DEBUG_INFO = INCLUDE_SOURCE;
				MTL_FAST_MATH = YES;
				ONLY_ACTIVE_ARCH = YES;
				SDKROOT = iphoneos;
				SWIFT_ACTIVE_COMPILATION_CONDITIONS = DEBUG;
				SWIFT_OPTIMIZATION_LEVEL = "-Onone";
			};
			name = Debug;
		};
		6DF0A5C8226C012300C892C4 /* Release */ = {
			isa = XCBuildConfiguration;
			buildSettings = {
				ALWAYS_SEARCH_USER_PATHS = NO;
				CLANG_ANALYZER_NONNULL = YES;
				CLANG_ANALYZER_NUMBER_OBJECT_CONVERSION = YES_AGGRESSIVE;
				CLANG_CXX_LANGUAGE_STANDARD = "gnu++14";
				CLANG_CXX_LIBRARY = "libc++";
				CLANG_ENABLE_MODULES = YES;
				CLANG_ENABLE_OBJC_ARC = YES;
				CLANG_ENABLE_OBJC_WEAK = YES;
				CLANG_WARN_BLOCK_CAPTURE_AUTORELEASING = YES;
				CLANG_WARN_BOOL_CONVERSION = YES;
				CLANG_WARN_COMMA = YES;
				CLANG_WARN_CONSTANT_CONVERSION = YES;
				CLANG_WARN_DEPRECATED_OBJC_IMPLEMENTATIONS = YES;
				CLANG_WARN_DIRECT_OBJC_ISA_USAGE = YES_ERROR;
				CLANG_WARN_DOCUMENTATION_COMMENTS = YES;
				CLANG_WARN_EMPTY_BODY = YES;
				CLANG_WARN_ENUM_CONVERSION = YES;
				CLANG_WARN_INFINITE_RECURSION = YES;
				CLANG_WARN_INT_CONVERSION = YES;
				CLANG_WARN_NON_LITERAL_NULL_CONVERSION = YES;
				CLANG_WARN_OBJC_IMPLICIT_RETAIN_SELF = YES;
				CLANG_WARN_OBJC_LITERAL_CONVERSION = YES;
				CLANG_WARN_OBJC_ROOT_CLASS = YES_ERROR;
				CLANG_WARN_RANGE_LOOP_ANALYSIS = YES;
				CLANG_WARN_STRICT_PROTOTYPES = YES;
				CLANG_WARN_SUSPICIOUS_MOVE = YES;
				CLANG_WARN_UNGUARDED_AVAILABILITY = YES_AGGRESSIVE;
				CLANG_WARN_UNREACHABLE_CODE = YES;
				CLANG_WARN__DUPLICATE_METHOD_MATCH = YES;
				CODE_SIGN_IDENTITY = "iPhone Developer";
				COPY_PHASE_STRIP = NO;
				DEBUG_INFORMATION_FORMAT = "dwarf-with-dsym";
				ENABLE_NS_ASSERTIONS = NO;
				ENABLE_STRICT_OBJC_MSGSEND = YES;
				GCC_C_LANGUAGE_STANDARD = gnu11;
				GCC_NO_COMMON_BLOCKS = YES;
				GCC_WARN_64_TO_32_BIT_CONVERSION = YES;
				GCC_WARN_ABOUT_RETURN_TYPE = YES_ERROR;
				GCC_WARN_UNDECLARED_SELECTOR = YES;
				GCC_WARN_UNINITIALIZED_AUTOS = YES_AGGRESSIVE;
				GCC_WARN_UNUSED_FUNCTION = YES;
				GCC_WARN_UNUSED_VARIABLE = YES;
				IPHONEOS_DEPLOYMENT_TARGET = 13.2;
				MTL_ENABLE_DEBUG_INFO = NO;
				MTL_FAST_MATH = YES;
				SDKROOT = iphoneos;
				SWIFT_COMPILATION_MODE = wholemodule;
				SWIFT_OPTIMIZATION_LEVEL = "-O";
				VALIDATE_PRODUCT = YES;
			};
			name = Release;
		};
		6DF0A5CA226C012300C892C4 /* Debug */ = {
			isa = XCBuildConfiguration;
			baseConfigurationReference = 66766FB775A0511CBAE33533 /* Pods-Flaint.debug.xcconfig */;
			buildSettings = {
				ASSETCATALOG_COMPILER_APPICON_NAME = AppIcon;
				CLANG_ENABLE_MODULES = YES;
				CODE_SIGN_ENTITLEMENTS = Flaint/Ressources/Flaint.entitlements;
				CODE_SIGN_STYLE = Automatic;
				CURRENT_PROJECT_VERSION = 2;
				DEBUG_INFORMATION_FORMAT = dwarf;
				DEVELOPMENT_TEAM = GF728A45JE;
				GCC_GENERATE_TEST_COVERAGE_FILES = YES;
				INFOPLIST_FILE = Flaint/Ressources/Info.plist;
				IPHONEOS_DEPLOYMENT_TARGET = 13.5;
				LD_RUNPATH_SEARCH_PATHS = (
					"$(inherited)",
					"@executable_path/Frameworks",
				);
				MARKETING_VERSION = 1.4.1;
				PRODUCT_BUNDLE_IDENTIFIER = com.Kurbs.Flaintartist;
				PRODUCT_NAME = "$(TARGET_NAME)";
				SWIFT_OBJC_BRIDGING_HEADER = "Flaint/Ressources/Flaint-Bridging-Header.h";
				SWIFT_OPTIMIZATION_LEVEL = "-Onone";
				SWIFT_VERSION = 5.0;
				TARGETED_DEVICE_FAMILY = 1;
			};
			name = Debug;
		};
		6DF0A5CB226C012300C892C4 /* Release */ = {
			isa = XCBuildConfiguration;
			baseConfigurationReference = C54E0BE17C3D1F1581F37C6A /* Pods-Flaint.release.xcconfig */;
			buildSettings = {
				ASSETCATALOG_COMPILER_APPICON_NAME = AppIcon;
				CLANG_ENABLE_MODULES = YES;
				CODE_SIGN_ENTITLEMENTS = Flaint/Ressources/Flaint.entitlements;
				CODE_SIGN_STYLE = Automatic;
				CURRENT_PROJECT_VERSION = 2;
				DEBUG_INFORMATION_FORMAT = dwarf;
				DEVELOPMENT_TEAM = GF728A45JE;
				GCC_GENERATE_TEST_COVERAGE_FILES = YES;
				INFOPLIST_FILE = Flaint/Ressources/Info.plist;
				IPHONEOS_DEPLOYMENT_TARGET = 13.5;
				LD_RUNPATH_SEARCH_PATHS = (
					"$(inherited)",
					"@executable_path/Frameworks",
				);
				MARKETING_VERSION = 1.4.1;
				PRODUCT_BUNDLE_IDENTIFIER = com.Kurbs.Flaintartist;
				PRODUCT_NAME = "$(TARGET_NAME)";
				SWIFT_OBJC_BRIDGING_HEADER = "Flaint/Ressources/Flaint-Bridging-Header.h";
				SWIFT_VERSION = 5.0;
				TARGETED_DEVICE_FAMILY = 1;
			};
			name = Release;
		};
		6DF0A5CD226C012300C892C4 /* Debug */ = {
			isa = XCBuildConfiguration;
			baseConfigurationReference = E4D4D89269175C2487BDD909 /* Pods-FlaintTests.debug.xcconfig */;
			buildSettings = {
				ALWAYS_EMBED_SWIFT_STANDARD_LIBRARIES = YES;
				BUNDLE_LOADER = "$(TEST_HOST)";
				CODE_SIGN_STYLE = Automatic;
				DEVELOPMENT_TEAM = GF728A45JE;
				INFOPLIST_FILE = FlaintTests/Info.plist;
				LD_RUNPATH_SEARCH_PATHS = (
					"$(inherited)",
					"@executable_path/Frameworks",
					"@loader_path/Frameworks",
				);
				PRODUCT_BUNDLE_IDENTIFIER = com.Kurbs.FlaintTests;
				PRODUCT_NAME = "$(TARGET_NAME)";
				SWIFT_VERSION = 5.0;
				TARGETED_DEVICE_FAMILY = "1,2";
				TEST_HOST = "$(BUILT_PRODUCTS_DIR)/Flaint.app/Flaint";
			};
			name = Debug;
		};
		6DF0A5CE226C012300C892C4 /* Release */ = {
			isa = XCBuildConfiguration;
			baseConfigurationReference = 5AF0649033B01824ACBBE421 /* Pods-FlaintTests.release.xcconfig */;
			buildSettings = {
				ALWAYS_EMBED_SWIFT_STANDARD_LIBRARIES = YES;
				BUNDLE_LOADER = "$(TEST_HOST)";
				CODE_SIGN_STYLE = Automatic;
				DEVELOPMENT_TEAM = GF728A45JE;
				INFOPLIST_FILE = FlaintTests/Info.plist;
				LD_RUNPATH_SEARCH_PATHS = (
					"$(inherited)",
					"@executable_path/Frameworks",
					"@loader_path/Frameworks",
				);
				PRODUCT_BUNDLE_IDENTIFIER = com.Kurbs.FlaintTests;
				PRODUCT_NAME = "$(TARGET_NAME)";
				SWIFT_VERSION = 5.0;
				TARGETED_DEVICE_FAMILY = "1,2";
				TEST_HOST = "$(BUILT_PRODUCTS_DIR)/Flaint.app/Flaint";
			};
			name = Release;
		};
		6DF0A5D0226C012300C892C4 /* Debug */ = {
			isa = XCBuildConfiguration;
			baseConfigurationReference = 25C12918FDBC0B20097CE32F /* Pods-Flaint-FlaintUITests.debug.xcconfig */;
			buildSettings = {
				ALWAYS_EMBED_SWIFT_STANDARD_LIBRARIES = YES;
				CODE_SIGN_STYLE = Automatic;
				DEVELOPMENT_TEAM = GF728A45JE;
				INFOPLIST_FILE = FlaintUITests/Info.plist;
				LD_RUNPATH_SEARCH_PATHS = (
					"$(inherited)",
					"@executable_path/Frameworks",
					"@loader_path/Frameworks",
				);
				PRODUCT_BUNDLE_IDENTIFIER = com.Kurbs.FlaintUITests;
				PRODUCT_NAME = "$(TARGET_NAME)";
				SWIFT_VERSION = 5.0;
				TARGETED_DEVICE_FAMILY = "1,2";
				TEST_TARGET_NAME = Flaint;
			};
			name = Debug;
		};
		6DF0A5D1226C012300C892C4 /* Release */ = {
			isa = XCBuildConfiguration;
			baseConfigurationReference = 2262BC54625826DE986D202B /* Pods-Flaint-FlaintUITests.release.xcconfig */;
			buildSettings = {
				ALWAYS_EMBED_SWIFT_STANDARD_LIBRARIES = YES;
				CODE_SIGN_STYLE = Automatic;
				DEVELOPMENT_TEAM = GF728A45JE;
				INFOPLIST_FILE = FlaintUITests/Info.plist;
				LD_RUNPATH_SEARCH_PATHS = (
					"$(inherited)",
					"@executable_path/Frameworks",
					"@loader_path/Frameworks",
				);
				PRODUCT_BUNDLE_IDENTIFIER = com.Kurbs.FlaintUITests;
				PRODUCT_NAME = "$(TARGET_NAME)";
				SWIFT_VERSION = 5.0;
				TARGETED_DEVICE_FAMILY = "1,2";
				TEST_TARGET_NAME = Flaint;
			};
			name = Release;
		};
/* End XCBuildConfiguration section */

/* Begin XCConfigurationList section */
		6DF0A59C226C012100C892C4 /* Build configuration list for PBXProject "Flaint" */ = {
			isa = XCConfigurationList;
			buildConfigurations = (
				6DF0A5C7226C012300C892C4 /* Debug */,
				6DF0A5C8226C012300C892C4 /* Release */,
			);
			defaultConfigurationIsVisible = 0;
			defaultConfigurationName = Release;
		};
		6DF0A5C9226C012300C892C4 /* Build configuration list for PBXNativeTarget "Flaint" */ = {
			isa = XCConfigurationList;
			buildConfigurations = (
				6DF0A5CA226C012300C892C4 /* Debug */,
				6DF0A5CB226C012300C892C4 /* Release */,
			);
			defaultConfigurationIsVisible = 0;
			defaultConfigurationName = Release;
		};
		6DF0A5CC226C012300C892C4 /* Build configuration list for PBXNativeTarget "FlaintTests" */ = {
			isa = XCConfigurationList;
			buildConfigurations = (
				6DF0A5CD226C012300C892C4 /* Debug */,
				6DF0A5CE226C012300C892C4 /* Release */,
			);
			defaultConfigurationIsVisible = 0;
			defaultConfigurationName = Release;
		};
		6DF0A5CF226C012300C892C4 /* Build configuration list for PBXNativeTarget "FlaintUITests" */ = {
			isa = XCConfigurationList;
			buildConfigurations = (
				6DF0A5D0226C012300C892C4 /* Debug */,
				6DF0A5D1226C012300C892C4 /* Release */,
			);
			defaultConfigurationIsVisible = 0;
			defaultConfigurationName = Release;
		};
/* End XCConfigurationList section */
	};
	rootObject = 6DF0A599226C012100C892C4 /* Project object */;
}
